// !$*UTF8*$!
{
	archiveVersion = 1;
	classes = {
	};
	objectVersion = 50;
	objects = {

/* Begin PBXBuildFile section */
		3B1E8D3A2462A9CD005D033C /* AfterWait.swift in Sources */ = {isa = PBXBuildFile; fileRef = 3B1E8D392462A9CD005D033C /* AfterWait.swift */; };
		3B6ACFE2245C29E700905DDB /* RetailTutorial-Page-Views.swift in Sources */ = {isa = PBXBuildFile; fileRef = 3B6ACFE1245C29E700905DDB /* RetailTutorial-Page-Views.swift */; };
		8727349E2456B868009C39B5 /* BiggerTutorial-Screen.swift in Sources */ = {isa = PBXBuildFile; fileRef = 8727349C2456B616009C39B5 /* BiggerTutorial-Screen.swift */; };
		8727349F2456B868009C39B5 /* BiggerTutorial-Evaluator.swift in Sources */ = {isa = PBXBuildFile; fileRef = 8727349B2456B616009C39B5 /* BiggerTutorial-Evaluator.swift */; };
		872734A02456B868009C39B5 /* BiggerTutorial-Translator.swift in Sources */ = {isa = PBXBuildFile; fileRef = 8727349D2456B616009C39B5 /* BiggerTutorial-Translator.swift */; };
		872734A12456B868009C39B5 /* BiggerTutorial-Data.swift in Sources */ = {isa = PBXBuildFile; fileRef = 8727349A2456B616009C39B5 /* BiggerTutorial-Data.swift */; };
		875562B4244C253200DB49C4 /* AppDelegate.swift in Sources */ = {isa = PBXBuildFile; fileRef = 875562B3244C253200DB49C4 /* AppDelegate.swift */; };
		875562B6244C253200DB49C4 /* SceneDelegate.swift in Sources */ = {isa = PBXBuildFile; fileRef = 875562B5244C253200DB49C4 /* SceneDelegate.swift */; };
		875562BA244C253500DB49C4 /* Assets.xcassets in Resources */ = {isa = PBXBuildFile; fileRef = 875562B9244C253500DB49C4 /* Assets.xcassets */; };
		875562BD244C253500DB49C4 /* Preview Assets.xcassets in Resources */ = {isa = PBXBuildFile; fileRef = 875562BC244C253500DB49C4 /* Preview Assets.xcassets */; };
		875562C0244C253500DB49C4 /* LaunchScreen.storyboard in Resources */ = {isa = PBXBuildFile; fileRef = 875562BE244C253500DB49C4 /* LaunchScreen.storyboard */; };
		875562CB244C253500DB49C4 /* PoetTests.swift in Sources */ = {isa = PBXBuildFile; fileRef = 875562CA244C253500DB49C4 /* PoetTests.swift */; };
		875562ED244D144600DB49C4 /* Observables.swift in Sources */ = {isa = PBXBuildFile; fileRef = 875562EC244D144600DB49C4 /* Observables.swift */; };
		875562F1244D34CE00DB49C4 /* LeftAndRightButtonView.swift in Sources */ = {isa = PBXBuildFile; fileRef = 875562F0244D34CE00DB49C4 /* LeftAndRightButtonView.swift */; };
		875562F5244D5FDB00DB49C4 /* Passables.swift in Sources */ = {isa = PBXBuildFile; fileRef = 875562F4244D5FDB00DB49C4 /* Passables.swift */; };
		878B3A3E2452B96800ACADE4 /* ViewWrappers.swift in Sources */ = {isa = PBXBuildFile; fileRef = 878B3A3D2452B96800ACADE4 /* ViewWrappers.swift */; };
		878B3A472453472300ACADE4 /* CharacterBezel.swift in Sources */ = {isa = PBXBuildFile; fileRef = 878B3A462453472300ACADE4 /* CharacterBezel.swift */; };
		878B3A4A2453588000ACADE4 /* ViewCycleEvaluating.swift in Sources */ = {isa = PBXBuildFile; fileRef = 878B3A492453588000ACADE4 /* ViewCycleEvaluating.swift */; };
		878B3A4C24535B1E00ACADE4 /* ObservingTextView.swift in Sources */ = {isa = PBXBuildFile; fileRef = 878B3A4B24535B1E00ACADE4 /* ObservingTextView.swift */; };
		878B3A4F245378CF00ACADE4 /* AlertTranslating.swift in Sources */ = {isa = PBXBuildFile; fileRef = 878B3A4E245378CF00ACADE4 /* AlertTranslating.swift */; };
		878B3A51245378E300ACADE4 /* AlertView.swift in Sources */ = {isa = PBXBuildFile; fileRef = 878B3A50245378E300ACADE4 /* AlertView.swift */; };
		878B3A532453806700ACADE4 /* ButtonActionView.swift in Sources */ = {isa = PBXBuildFile; fileRef = 878B3A522453806700ACADE4 /* ButtonActionView.swift */; };
		8794A5FA245C343400D41E4F /* RetailTutorial-PageViewMaker.swift in Sources */ = {isa = PBXBuildFile; fileRef = 8794A5F9245C343400D41E4F /* RetailTutorial-PageViewMaker.swift */; };
		8794A5FC245C9FF200D41E4F /* Menu-Data.swift in Sources */ = {isa = PBXBuildFile; fileRef = 8794A5FB245C9FF200D41E4F /* Menu-Data.swift */; };
		8794A602245CB8B200D41E4F /* DissmissReceiverExample-Screen.swift in Sources */ = {isa = PBXBuildFile; fileRef = 8794A601245CB8B200D41E4F /* DissmissReceiverExample-Screen.swift */; };
		8794A604245CB98600D41E4F /* DismissReceiverExample-Translator.swift in Sources */ = {isa = PBXBuildFile; fileRef = 8794A603245CB98600D41E4F /* DismissReceiverExample-Translator.swift */; };
		8794A606245CBA4D00D41E4F /* DismissReceiverExample-Evaluator.swift in Sources */ = {isa = PBXBuildFile; fileRef = 8794A605245CBA4D00D41E4F /* DismissReceiverExample-Evaluator.swift */; };
		87AC82792453BB3A0090E443 /* Menu-Screen.swift in Sources */ = {isa = PBXBuildFile; fileRef = 87AC82762453B9520090E443 /* Menu-Screen.swift */; };
		87AC827A2453BB3C0090E443 /* Menu-Evaluator.swift in Sources */ = {isa = PBXBuildFile; fileRef = 87AC82782453B9520090E443 /* Menu-Evaluator.swift */; };
		87AC827B2453BB400090E443 /* Menu-Translator.swift in Sources */ = {isa = PBXBuildFile; fileRef = 87AC82772453B9520090E443 /* Menu-Translator.swift */; };
		87AC827D2454C3EA0090E443 /* Numbers.swift in Sources */ = {isa = PBXBuildFile; fileRef = 87AC827C2454C3EA0090E443 /* Numbers.swift */; };
		87AC827F2454CDE90090E443 /* Actions.swift in Sources */ = {isa = PBXBuildFile; fileRef = 87AC827E2454CDE90090E443 /* Actions.swift */; };
		87D299D7245518C1003959C3 /* About-Evaluator.swift in Sources */ = {isa = PBXBuildFile; fileRef = 87D299D424551639003959C3 /* About-Evaluator.swift */; };
		87D299D8245518C1003959C3 /* About-Translator.swift in Sources */ = {isa = PBXBuildFile; fileRef = 87D299D624551639003959C3 /* About-Translator.swift */; };
		87D299D9245518C1003959C3 /* About-Screen.swift in Sources */ = {isa = PBXBuildFile; fileRef = 87D299D524551639003959C3 /* About-Screen.swift */; };
		87D299DB24561A67003959C3 /* Page.swift in Sources */ = {isa = PBXBuildFile; fileRef = 87D299DA24561A67003959C3 /* Page.swift */; };
		87D299DF24561B9B003959C3 /* About-Data.swift in Sources */ = {isa = PBXBuildFile; fileRef = 87D299DE24561B9B003959C3 /* About-Data.swift */; };
		87D299E124561D4E003959C3 /* PageBodyView.swift in Sources */ = {isa = PBXBuildFile; fileRef = 87D299E024561D4E003959C3 /* PageBodyView.swift */; };
		87D299E324561D69003959C3 /* TappableTextCapsuleView.swift in Sources */ = {isa = PBXBuildFile; fileRef = 87D299E224561D69003959C3 /* TappableTextCapsuleView.swift */; };
		87E7E436245905B000047253 /* PagingTutorialTests.swift in Sources */ = {isa = PBXBuildFile; fileRef = 87E7E435245905B000047253 /* PagingTutorialTests.swift */; };
		87E7E43924595CBD00047253 /* RetailTutorial-Screen.swift in Sources */ = {isa = PBXBuildFile; fileRef = 87E7E43824595CBD00047253 /* RetailTutorial-Screen.swift */; };
		87E7E43B24595FF100047253 /* ObservingPageView.swift in Sources */ = {isa = PBXBuildFile; fileRef = 87E7E43A24595FF100047253 /* ObservingPageView.swift */; };
		87E7E43D245961B400047253 /* RetailTutorial-Evaluator.swift in Sources */ = {isa = PBXBuildFile; fileRef = 87E7E43C245961B400047253 /* RetailTutorial-Evaluator.swift */; };
		87E7E43F2459637900047253 /* RetailTutorial-Translator.swift in Sources */ = {isa = PBXBuildFile; fileRef = 87E7E43E2459637900047253 /* RetailTutorial-Translator.swift */; };
		87E7E441245964A100047253 /* RetailTutorial-Page.swift in Sources */ = {isa = PBXBuildFile; fileRef = 87E7E440245964A100047253 /* RetailTutorial-Page.swift */; };
		87E9E9AB246748D600CF2E1E /* Tutorial-PageStore.swift in Sources */ = {isa = PBXBuildFile; fileRef = 87E9E9AA246748D600CF2E1E /* Tutorial-PageStore.swift */; };
		DC04F6F124661C1400F49E00 /* ImageExtensions.swift in Sources */ = {isa = PBXBuildFile; fileRef = DC04F6F024661C1400F49E00 /* ImageExtensions.swift */; };
		DC4C1114245DEE21009BC14D /* Template-Screen.swift in Sources */ = {isa = PBXBuildFile; fileRef = DC4C1113245DEE21009BC14D /* Template-Screen.swift */; };
		DC4C1116245DEF55009BC14D /* Template-Evaluator.swift in Sources */ = {isa = PBXBuildFile; fileRef = DC4C1115245DEF55009BC14D /* Template-Evaluator.swift */; };
		DC4C1118245DEF9A009BC14D /* Template-Translator.swift in Sources */ = {isa = PBXBuildFile; fileRef = DC4C1117245DEF9A009BC14D /* Template-Translator.swift */; };
		DC4C111A245DF73B009BC14D /* ObservingImageView.swift in Sources */ = {isa = PBXBuildFile; fileRef = DC4C1119245DF73B009BC14D /* ObservingImageView.swift */; };
		DC4C111E245DFF21009BC14D /* Tutorial-Screen.swift in Sources */ = {isa = PBXBuildFile; fileRef = DC4C111D245DF9AA009BC14D /* Tutorial-Screen.swift */; };
		DC4C111F245DFF21009BC14D /* Tutorial-Evaluator.swift in Sources */ = {isa = PBXBuildFile; fileRef = DC4C111B245DF9AA009BC14D /* Tutorial-Evaluator.swift */; };
		DC4C1120245DFF21009BC14D /* Tutorial-Translator.swift in Sources */ = {isa = PBXBuildFile; fileRef = DC4C111C245DF9AA009BC14D /* Tutorial-Translator.swift */; };
/* End PBXBuildFile section */

/* Begin PBXContainerItemProxy section */
		875562C7244C253500DB49C4 /* PBXContainerItemProxy */ = {
			isa = PBXContainerItemProxy;
			containerPortal = 875562A8244C253200DB49C4 /* Project object */;
			proxyType = 1;
			remoteGlobalIDString = 875562AF244C253200DB49C4;
			remoteInfo = Katong;
		};
/* End PBXContainerItemProxy section */

/* Begin PBXFileReference section */
		3B1E8D392462A9CD005D033C /* AfterWait.swift */ = {isa = PBXFileReference; lastKnownFileType = sourcecode.swift; path = AfterWait.swift; sourceTree = "<group>"; };
		3B6ACFE1245C29E700905DDB /* RetailTutorial-Page-Views.swift */ = {isa = PBXFileReference; lastKnownFileType = sourcecode.swift; path = "RetailTutorial-Page-Views.swift"; sourceTree = "<group>"; };
		8727349A2456B616009C39B5 /* BiggerTutorial-Data.swift */ = {isa = PBXFileReference; lastKnownFileType = sourcecode.swift; path = "BiggerTutorial-Data.swift"; sourceTree = "<group>"; };
		8727349B2456B616009C39B5 /* BiggerTutorial-Evaluator.swift */ = {isa = PBXFileReference; lastKnownFileType = sourcecode.swift; path = "BiggerTutorial-Evaluator.swift"; sourceTree = "<group>"; };
		8727349C2456B616009C39B5 /* BiggerTutorial-Screen.swift */ = {isa = PBXFileReference; lastKnownFileType = sourcecode.swift; path = "BiggerTutorial-Screen.swift"; sourceTree = "<group>"; };
		8727349D2456B616009C39B5 /* BiggerTutorial-Translator.swift */ = {isa = PBXFileReference; lastKnownFileType = sourcecode.swift; path = "BiggerTutorial-Translator.swift"; sourceTree = "<group>"; };
		875562B0244C253200DB49C4 /* Poet.app */ = {isa = PBXFileReference; explicitFileType = wrapper.application; includeInIndex = 0; path = Poet.app; sourceTree = BUILT_PRODUCTS_DIR; };
		875562B3244C253200DB49C4 /* AppDelegate.swift */ = {isa = PBXFileReference; lastKnownFileType = sourcecode.swift; path = AppDelegate.swift; sourceTree = "<group>"; };
		875562B5244C253200DB49C4 /* SceneDelegate.swift */ = {isa = PBXFileReference; lastKnownFileType = sourcecode.swift; path = SceneDelegate.swift; sourceTree = "<group>"; };
		875562B9244C253500DB49C4 /* Assets.xcassets */ = {isa = PBXFileReference; lastKnownFileType = folder.assetcatalog; path = Assets.xcassets; sourceTree = "<group>"; };
		875562BC244C253500DB49C4 /* Preview Assets.xcassets */ = {isa = PBXFileReference; lastKnownFileType = folder.assetcatalog; path = "Preview Assets.xcassets"; sourceTree = "<group>"; };
		875562BF244C253500DB49C4 /* Base */ = {isa = PBXFileReference; lastKnownFileType = file.storyboard; name = Base; path = Base.lproj/LaunchScreen.storyboard; sourceTree = "<group>"; };
		875562C1244C253500DB49C4 /* Info.plist */ = {isa = PBXFileReference; lastKnownFileType = text.plist.xml; path = Info.plist; sourceTree = "<group>"; };
		875562C6244C253500DB49C4 /* PoetTests.xctest */ = {isa = PBXFileReference; explicitFileType = wrapper.cfbundle; includeInIndex = 0; path = PoetTests.xctest; sourceTree = BUILT_PRODUCTS_DIR; };
		875562CA244C253500DB49C4 /* PoetTests.swift */ = {isa = PBXFileReference; lastKnownFileType = sourcecode.swift; path = PoetTests.swift; sourceTree = "<group>"; };
		875562CC244C253500DB49C4 /* Info.plist */ = {isa = PBXFileReference; lastKnownFileType = text.plist.xml; path = Info.plist; sourceTree = "<group>"; };
		875562EC244D144600DB49C4 /* Observables.swift */ = {isa = PBXFileReference; lastKnownFileType = sourcecode.swift; path = Observables.swift; sourceTree = "<group>"; };
		875562F0244D34CE00DB49C4 /* LeftAndRightButtonView.swift */ = {isa = PBXFileReference; lastKnownFileType = sourcecode.swift; path = LeftAndRightButtonView.swift; sourceTree = "<group>"; };
		875562F4244D5FDB00DB49C4 /* Passables.swift */ = {isa = PBXFileReference; lastKnownFileType = sourcecode.swift; path = Passables.swift; sourceTree = "<group>"; };
		878B3A3D2452B96800ACADE4 /* ViewWrappers.swift */ = {isa = PBXFileReference; lastKnownFileType = sourcecode.swift; path = ViewWrappers.swift; sourceTree = "<group>"; };
		878B3A462453472300ACADE4 /* CharacterBezel.swift */ = {isa = PBXFileReference; lastKnownFileType = sourcecode.swift; path = CharacterBezel.swift; sourceTree = "<group>"; };
		878B3A492453588000ACADE4 /* ViewCycleEvaluating.swift */ = {isa = PBXFileReference; lastKnownFileType = sourcecode.swift; path = ViewCycleEvaluating.swift; sourceTree = "<group>"; };
		878B3A4B24535B1E00ACADE4 /* ObservingTextView.swift */ = {isa = PBXFileReference; lastKnownFileType = sourcecode.swift; path = ObservingTextView.swift; sourceTree = "<group>"; };
		878B3A4E245378CF00ACADE4 /* AlertTranslating.swift */ = {isa = PBXFileReference; lastKnownFileType = sourcecode.swift; path = AlertTranslating.swift; sourceTree = "<group>"; };
		878B3A50245378E300ACADE4 /* AlertView.swift */ = {isa = PBXFileReference; lastKnownFileType = sourcecode.swift; path = AlertView.swift; sourceTree = "<group>"; };
		878B3A522453806700ACADE4 /* ButtonActionView.swift */ = {isa = PBXFileReference; lastKnownFileType = sourcecode.swift; path = ButtonActionView.swift; sourceTree = "<group>"; };
		8794A5F9245C343400D41E4F /* RetailTutorial-PageViewMaker.swift */ = {isa = PBXFileReference; lastKnownFileType = sourcecode.swift; path = "RetailTutorial-PageViewMaker.swift"; sourceTree = "<group>"; };
		8794A5FB245C9FF200D41E4F /* Menu-Data.swift */ = {isa = PBXFileReference; lastKnownFileType = sourcecode.swift; path = "Menu-Data.swift"; sourceTree = "<group>"; };
		8794A601245CB8B200D41E4F /* DissmissReceiverExample-Screen.swift */ = {isa = PBXFileReference; lastKnownFileType = sourcecode.swift; path = "DissmissReceiverExample-Screen.swift"; sourceTree = "<group>"; };
		8794A603245CB98600D41E4F /* DismissReceiverExample-Translator.swift */ = {isa = PBXFileReference; lastKnownFileType = sourcecode.swift; path = "DismissReceiverExample-Translator.swift"; sourceTree = "<group>"; };
		8794A605245CBA4D00D41E4F /* DismissReceiverExample-Evaluator.swift */ = {isa = PBXFileReference; lastKnownFileType = sourcecode.swift; path = "DismissReceiverExample-Evaluator.swift"; sourceTree = "<group>"; };
		87AC82762453B9520090E443 /* Menu-Screen.swift */ = {isa = PBXFileReference; lastKnownFileType = sourcecode.swift; path = "Menu-Screen.swift"; sourceTree = "<group>"; };
		87AC82772453B9520090E443 /* Menu-Translator.swift */ = {isa = PBXFileReference; lastKnownFileType = sourcecode.swift; path = "Menu-Translator.swift"; sourceTree = "<group>"; };
		87AC82782453B9520090E443 /* Menu-Evaluator.swift */ = {isa = PBXFileReference; lastKnownFileType = sourcecode.swift; path = "Menu-Evaluator.swift"; sourceTree = "<group>"; };
		87AC827C2454C3EA0090E443 /* Numbers.swift */ = {isa = PBXFileReference; lastKnownFileType = sourcecode.swift; path = Numbers.swift; sourceTree = "<group>"; };
		87AC827E2454CDE90090E443 /* Actions.swift */ = {isa = PBXFileReference; lastKnownFileType = sourcecode.swift; path = Actions.swift; sourceTree = "<group>"; };
		87D299D424551639003959C3 /* About-Evaluator.swift */ = {isa = PBXFileReference; lastKnownFileType = sourcecode.swift; path = "About-Evaluator.swift"; sourceTree = "<group>"; };
		87D299D524551639003959C3 /* About-Screen.swift */ = {isa = PBXFileReference; lastKnownFileType = sourcecode.swift; path = "About-Screen.swift"; sourceTree = "<group>"; };
		87D299D624551639003959C3 /* About-Translator.swift */ = {isa = PBXFileReference; lastKnownFileType = sourcecode.swift; path = "About-Translator.swift"; sourceTree = "<group>"; };
		87D299DA24561A67003959C3 /* Page.swift */ = {isa = PBXFileReference; lastKnownFileType = sourcecode.swift; path = Page.swift; sourceTree = "<group>"; };
		87D299DE24561B9B003959C3 /* About-Data.swift */ = {isa = PBXFileReference; lastKnownFileType = sourcecode.swift; path = "About-Data.swift"; sourceTree = "<group>"; };
		87D299E024561D4E003959C3 /* PageBodyView.swift */ = {isa = PBXFileReference; lastKnownFileType = sourcecode.swift; path = PageBodyView.swift; sourceTree = "<group>"; };
		87D299E224561D69003959C3 /* TappableTextCapsuleView.swift */ = {isa = PBXFileReference; lastKnownFileType = sourcecode.swift; path = TappableTextCapsuleView.swift; sourceTree = "<group>"; };
		87E7E435245905B000047253 /* PagingTutorialTests.swift */ = {isa = PBXFileReference; lastKnownFileType = sourcecode.swift; path = PagingTutorialTests.swift; sourceTree = "<group>"; };
		87E7E43824595CBD00047253 /* RetailTutorial-Screen.swift */ = {isa = PBXFileReference; lastKnownFileType = sourcecode.swift; path = "RetailTutorial-Screen.swift"; sourceTree = "<group>"; };
		87E7E43A24595FF100047253 /* ObservingPageView.swift */ = {isa = PBXFileReference; lastKnownFileType = sourcecode.swift; path = ObservingPageView.swift; sourceTree = "<group>"; };
		87E7E43C245961B400047253 /* RetailTutorial-Evaluator.swift */ = {isa = PBXFileReference; lastKnownFileType = sourcecode.swift; path = "RetailTutorial-Evaluator.swift"; sourceTree = "<group>"; };
		87E7E43E2459637900047253 /* RetailTutorial-Translator.swift */ = {isa = PBXFileReference; lastKnownFileType = sourcecode.swift; path = "RetailTutorial-Translator.swift"; sourceTree = "<group>"; };
		87E7E440245964A100047253 /* RetailTutorial-Page.swift */ = {isa = PBXFileReference; lastKnownFileType = sourcecode.swift; path = "RetailTutorial-Page.swift"; sourceTree = "<group>"; };
		87E9E9AA246748D600CF2E1E /* Tutorial-PageStore.swift */ = {isa = PBXFileReference; lastKnownFileType = sourcecode.swift; path = "Tutorial-PageStore.swift"; sourceTree = "<group>"; };
		DC04F6F024661C1400F49E00 /* ImageExtensions.swift */ = {isa = PBXFileReference; lastKnownFileType = sourcecode.swift; path = ImageExtensions.swift; sourceTree = "<group>"; };
		DC4C1113245DEE21009BC14D /* Template-Screen.swift */ = {isa = PBXFileReference; lastKnownFileType = sourcecode.swift; path = "Template-Screen.swift"; sourceTree = "<group>"; };
		DC4C1115245DEF55009BC14D /* Template-Evaluator.swift */ = {isa = PBXFileReference; lastKnownFileType = sourcecode.swift; path = "Template-Evaluator.swift"; sourceTree = "<group>"; };
		DC4C1117245DEF9A009BC14D /* Template-Translator.swift */ = {isa = PBXFileReference; lastKnownFileType = sourcecode.swift; path = "Template-Translator.swift"; sourceTree = "<group>"; };
		DC4C1119245DF73B009BC14D /* ObservingImageView.swift */ = {isa = PBXFileReference; lastKnownFileType = sourcecode.swift; path = ObservingImageView.swift; sourceTree = "<group>"; };
		DC4C111B245DF9AA009BC14D /* Tutorial-Evaluator.swift */ = {isa = PBXFileReference; lastKnownFileType = sourcecode.swift; path = "Tutorial-Evaluator.swift"; sourceTree = "<group>"; };
		DC4C111C245DF9AA009BC14D /* Tutorial-Translator.swift */ = {isa = PBXFileReference; lastKnownFileType = sourcecode.swift; path = "Tutorial-Translator.swift"; sourceTree = "<group>"; };
		DC4C111D245DF9AA009BC14D /* Tutorial-Screen.swift */ = {isa = PBXFileReference; lastKnownFileType = sourcecode.swift; path = "Tutorial-Screen.swift"; sourceTree = "<group>"; };
/* End PBXFileReference section */

/* Begin PBXFrameworksBuildPhase section */
		875562AD244C253200DB49C4 /* Frameworks */ = {
			isa = PBXFrameworksBuildPhase;
			buildActionMask = 2147483647;
			files = (
			);
			runOnlyForDeploymentPostprocessing = 0;
		};
		875562C3244C253500DB49C4 /* Frameworks */ = {
			isa = PBXFrameworksBuildPhase;
			buildActionMask = 2147483647;
			files = (
			);
			runOnlyForDeploymentPostprocessing = 0;
		};
/* End PBXFrameworksBuildPhase section */

/* Begin PBXGroup section */
		872734992456B5F9009C39B5 /* Bigger Tutorial */ = {
			isa = PBXGroup;
			children = (
				8727349C2456B616009C39B5 /* BiggerTutorial-Screen.swift */,
				8727349B2456B616009C39B5 /* BiggerTutorial-Evaluator.swift */,
				8727349D2456B616009C39B5 /* BiggerTutorial-Translator.swift */,
				8727349A2456B616009C39B5 /* BiggerTutorial-Data.swift */,
			);
			path = "Bigger Tutorial";
			sourceTree = "<group>";
		};
		875562A7244C253200DB49C4 = {
			isa = PBXGroup;
			children = (
				875562B2244C253200DB49C4 /* Poet */,
				875562C9244C253500DB49C4 /* PoetTests */,
				875562B1244C253200DB49C4 /* Products */,
			);
			sourceTree = "<group>";
		};
		875562B1244C253200DB49C4 /* Products */ = {
			isa = PBXGroup;
			children = (
				875562B0244C253200DB49C4 /* Poet.app */,
				875562C6244C253500DB49C4 /* PoetTests.xctest */,
			);
			name = Products;
			sourceTree = "<group>";
		};
		875562B2244C253200DB49C4 /* Poet */ = {
			isa = PBXGroup;
			children = (
				875562B3244C253200DB49C4 /* AppDelegate.swift */,
				875562B5244C253200DB49C4 /* SceneDelegate.swift */,
				875562EA244D13F700DB49C4 /* Screens */,
				DC4C1112245DEDF8009BC14D /* Poet Screen Template */,
				8794A5FD245CB87700D41E4F /* Helpers */,
				87E7E43A24595FF100047253 /* ObservingPageView.swift */,
				875562F0244D34CE00DB49C4 /* LeftAndRightButtonView.swift */,
				87D299DA24561A67003959C3 /* Page.swift */,
				87D299E024561D4E003959C3 /* PageBodyView.swift */,
				87D299E224561D69003959C3 /* TappableTextCapsuleView.swift */,
				878B3A462453472300ACADE4 /* CharacterBezel.swift */,
				878B3A492453588000ACADE4 /* ViewCycleEvaluating.swift */,
				878B3A4B24535B1E00ACADE4 /* ObservingTextView.swift */,
				DC4C1119245DF73B009BC14D /* ObservingImageView.swift */,
				878B3A522453806700ACADE4 /* ButtonActionView.swift */,
				878B3A4D245378C400ACADE4 /* Alert */,
				875562EB244D142E00DB49C4 /* Utilities */,
				875562B9244C253500DB49C4 /* Assets.xcassets */,
				875562BE244C253500DB49C4 /* LaunchScreen.storyboard */,
				875562C1244C253500DB49C4 /* Info.plist */,
				875562BB244C253500DB49C4 /* Preview Content */,
			);
			path = Poet;
			sourceTree = "<group>";
		};
		875562BB244C253500DB49C4 /* Preview Content */ = {
			isa = PBXGroup;
			children = (
				875562BC244C253500DB49C4 /* Preview Assets.xcassets */,
			);
			path = "Preview Content";
			sourceTree = "<group>";
		};
		875562C9244C253500DB49C4 /* PoetTests */ = {
			isa = PBXGroup;
			children = (
				875562CA244C253500DB49C4 /* PoetTests.swift */,
				87E7E435245905B000047253 /* PagingTutorialTests.swift */,
				875562CC244C253500DB49C4 /* Info.plist */,
			);
			path = PoetTests;
			sourceTree = "<group>";
		};
		875562EA244D13F700DB49C4 /* Screens */ = {
			isa = PBXGroup;
			children = (
				87AC82752453B94C0090E443 /* Menu */,
				87D299D32455162A003959C3 /* Intro */,
				DC4C1111245DEDE5009BC14D /* Tutorial Screen */,
				872734992456B5F9009C39B5 /* Bigger Tutorial */,
				87E7E43724595C6300047253 /* Retail Tutorial */,
			);
			path = Screens;
			sourceTree = "<group>";
		};
		875562EB244D142E00DB49C4 /* Utilities */ = {
			isa = PBXGroup;
			children = (
				3B1E8D392462A9CD005D033C /* AfterWait.swift */,
				87AC827E2454CDE90090E443 /* Actions.swift */,
				87AC827C2454C3EA0090E443 /* Numbers.swift */,
				875562EC244D144600DB49C4 /* Observables.swift */,
				875562F4244D5FDB00DB49C4 /* Passables.swift */,
				878B3A3D2452B96800ACADE4 /* ViewWrappers.swift */,
				DC04F6F024661C1400F49E00 /* ImageExtensions.swift */,
			);
			path = Utilities;
			sourceTree = "<group>";
		};
		878B3A4D245378C400ACADE4 /* Alert */ = {
			isa = PBXGroup;
			children = (
				878B3A4E245378CF00ACADE4 /* AlertTranslating.swift */,
				878B3A50245378E300ACADE4 /* AlertView.swift */,
			);
			path = Alert;
			sourceTree = "<group>";
		};
		8794A5FD245CB87700D41E4F /* Helpers */ = {
			isa = PBXGroup;
			children = (
				8794A5FE245CB88400D41E4F /* Dismiss Receiver Example */,
			);
			path = Helpers;
			sourceTree = "<group>";
		};
		8794A5FE245CB88400D41E4F /* Dismiss Receiver Example */ = {
			isa = PBXGroup;
			children = (
				8794A601245CB8B200D41E4F /* DissmissReceiverExample-Screen.swift */,
				8794A603245CB98600D41E4F /* DismissReceiverExample-Translator.swift */,
				8794A605245CBA4D00D41E4F /* DismissReceiverExample-Evaluator.swift */,
			);
			path = "Dismiss Receiver Example";
			sourceTree = "<group>";
		};
		87AC82752453B94C0090E443 /* Menu */ = {
			isa = PBXGroup;
			children = (
				87AC82762453B9520090E443 /* Menu-Screen.swift */,
				87AC82782453B9520090E443 /* Menu-Evaluator.swift */,
				87AC82772453B9520090E443 /* Menu-Translator.swift */,
				8794A5FB245C9FF200D41E4F /* Menu-Data.swift */,
			);
			path = Menu;
			sourceTree = "<group>";
		};
		87D299D32455162A003959C3 /* Intro */ = {
			isa = PBXGroup;
			children = (
				87D299D524551639003959C3 /* About-Screen.swift */,
				87D299D424551639003959C3 /* About-Evaluator.swift */,
				87D299D624551639003959C3 /* About-Translator.swift */,
				87D299DE24561B9B003959C3 /* About-Data.swift */,
			);
			path = Intro;
			sourceTree = "<group>";
		};
		87E7E43724595C6300047253 /* Retail Tutorial */ = {
			isa = PBXGroup;
			children = (
				87E7E43824595CBD00047253 /* RetailTutorial-Screen.swift */,
				87E7E43C245961B400047253 /* RetailTutorial-Evaluator.swift */,
				87E7E43E2459637900047253 /* RetailTutorial-Translator.swift */,
				87E7E440245964A100047253 /* RetailTutorial-Page.swift */,
				8794A5F9245C343400D41E4F /* RetailTutorial-PageViewMaker.swift */,
				3B6ACFE1245C29E700905DDB /* RetailTutorial-Page-Views.swift */,
			);
			path = "Retail Tutorial";
			sourceTree = "<group>";
		};
		DC4C1111245DEDE5009BC14D /* Tutorial Screen */ = {
			isa = PBXGroup;
			children = (
				DC4C111D245DF9AA009BC14D /* Tutorial-Screen.swift */,
				DC4C111B245DF9AA009BC14D /* Tutorial-Evaluator.swift */,
				DC4C111C245DF9AA009BC14D /* Tutorial-Translator.swift */,
				87E9E9AA246748D600CF2E1E /* Tutorial-PageStore.swift */,
			);
			path = "Tutorial Screen";
			sourceTree = "<group>";
		};
		DC4C1112245DEDF8009BC14D /* Poet Screen Template */ = {
			isa = PBXGroup;
			children = (
				DC4C1113245DEE21009BC14D /* Template-Screen.swift */,
				DC4C1115245DEF55009BC14D /* Template-Evaluator.swift */,
				DC4C1117245DEF9A009BC14D /* Template-Translator.swift */,
			);
			path = "Poet Screen Template";
			sourceTree = "<group>";
		};
/* End PBXGroup section */

/* Begin PBXNativeTarget section */
		875562AF244C253200DB49C4 /* Poet */ = {
			isa = PBXNativeTarget;
			buildConfigurationList = 875562CF244C253500DB49C4 /* Build configuration list for PBXNativeTarget "Poet" */;
			buildPhases = (
				875562AC244C253200DB49C4 /* Sources */,
				875562AD244C253200DB49C4 /* Frameworks */,
				875562AE244C253200DB49C4 /* Resources */,
			);
			buildRules = (
			);
			dependencies = (
			);
			name = Poet;
			productName = Katong;
			productReference = 875562B0244C253200DB49C4 /* Poet.app */;
			productType = "com.apple.product-type.application";
		};
		875562C5244C253500DB49C4 /* PoetTests */ = {
			isa = PBXNativeTarget;
			buildConfigurationList = 875562D2244C253500DB49C4 /* Build configuration list for PBXNativeTarget "PoetTests" */;
			buildPhases = (
				875562C2244C253500DB49C4 /* Sources */,
				875562C3244C253500DB49C4 /* Frameworks */,
				875562C4244C253500DB49C4 /* Resources */,
			);
			buildRules = (
			);
			dependencies = (
				875562C8244C253500DB49C4 /* PBXTargetDependency */,
			);
			name = PoetTests;
			productName = KatongTests;
			productReference = 875562C6244C253500DB49C4 /* PoetTests.xctest */;
			productType = "com.apple.product-type.bundle.unit-test";
		};
/* End PBXNativeTarget section */

/* Begin PBXProject section */
		875562A8244C253200DB49C4 /* Project object */ = {
			isa = PBXProject;
			attributes = {
				LastSwiftUpdateCheck = 1100;
				LastUpgradeCheck = 1100;
				ORGANIZATIONNAME = "Steve Cotner";
				TargetAttributes = {
					875562AF244C253200DB49C4 = {
						CreatedOnToolsVersion = 11.0;
					};
					875562C5244C253500DB49C4 = {
						CreatedOnToolsVersion = 11.0;
						TestTargetID = 875562AF244C253200DB49C4;
					};
				};
			};
			buildConfigurationList = 875562AB244C253200DB49C4 /* Build configuration list for PBXProject "Poet" */;
			compatibilityVersion = "Xcode 9.3";
			developmentRegion = en;
			hasScannedForEncodings = 0;
			knownRegions = (
				en,
				Base,
			);
			mainGroup = 875562A7244C253200DB49C4;
			productRefGroup = 875562B1244C253200DB49C4 /* Products */;
			projectDirPath = "";
			projectRoot = "";
			targets = (
				875562AF244C253200DB49C4 /* Poet */,
				875562C5244C253500DB49C4 /* PoetTests */,
			);
		};
/* End PBXProject section */

/* Begin PBXResourcesBuildPhase section */
		875562AE244C253200DB49C4 /* Resources */ = {
			isa = PBXResourcesBuildPhase;
			buildActionMask = 2147483647;
			files = (
				875562C0244C253500DB49C4 /* LaunchScreen.storyboard in Resources */,
				875562BD244C253500DB49C4 /* Preview Assets.xcassets in Resources */,
				875562BA244C253500DB49C4 /* Assets.xcassets in Resources */,
			);
			runOnlyForDeploymentPostprocessing = 0;
		};
		875562C4244C253500DB49C4 /* Resources */ = {
			isa = PBXResourcesBuildPhase;
			buildActionMask = 2147483647;
			files = (
			);
			runOnlyForDeploymentPostprocessing = 0;
		};
/* End PBXResourcesBuildPhase section */

/* Begin PBXSourcesBuildPhase section */
		875562AC244C253200DB49C4 /* Sources */ = {
			isa = PBXSourcesBuildPhase;
			buildActionMask = 2147483647;
			files = (
				87D299D9245518C1003959C3 /* About-Screen.swift in Sources */,
				87D299DB24561A67003959C3 /* Page.swift in Sources */,
				87E7E43924595CBD00047253 /* RetailTutorial-Screen.swift in Sources */,
				DC04F6F124661C1400F49E00 /* ImageExtensions.swift in Sources */,
				875562ED244D144600DB49C4 /* Observables.swift in Sources */,
				87D299D8245518C1003959C3 /* About-Translator.swift in Sources */,
				878B3A532453806700ACADE4 /* ButtonActionView.swift in Sources */,
				8794A606245CBA4D00D41E4F /* DismissReceiverExample-Evaluator.swift in Sources */,
				87E7E43F2459637900047253 /* RetailTutorial-Translator.swift in Sources */,
				87AC827A2453BB3C0090E443 /* Menu-Evaluator.swift in Sources */,
				DC4C1118245DEF9A009BC14D /* Template-Translator.swift in Sources */,
				875562F5244D5FDB00DB49C4 /* Passables.swift in Sources */,
				DC4C1116245DEF55009BC14D /* Template-Evaluator.swift in Sources */,
				3B1E8D3A2462A9CD005D033C /* AfterWait.swift in Sources */,
				8794A5FA245C343400D41E4F /* RetailTutorial-PageViewMaker.swift in Sources */,
				875562B4244C253200DB49C4 /* AppDelegate.swift in Sources */,
				DC4C111F245DFF21009BC14D /* Tutorial-Evaluator.swift in Sources */,
				8727349F2456B868009C39B5 /* BiggerTutorial-Evaluator.swift in Sources */,
				878B3A51245378E300ACADE4 /* AlertView.swift in Sources */,
				875562F1244D34CE00DB49C4 /* LeftAndRightButtonView.swift in Sources */,
				8794A602245CB8B200D41E4F /* DissmissReceiverExample-Screen.swift in Sources */,
				8794A5FC245C9FF200D41E4F /* Menu-Data.swift in Sources */,
				875562B6244C253200DB49C4 /* SceneDelegate.swift in Sources */,
				DC4C111A245DF73B009BC14D /* ObservingImageView.swift in Sources */,
				87AC82792453BB3A0090E443 /* Menu-Screen.swift in Sources */,
				872734A02456B868009C39B5 /* BiggerTutorial-Translator.swift in Sources */,
				87AC827F2454CDE90090E443 /* Actions.swift in Sources */,
				878B3A3E2452B96800ACADE4 /* ViewWrappers.swift in Sources */,
				87D299DF24561B9B003959C3 /* About-Data.swift in Sources */,
				8727349E2456B868009C39B5 /* BiggerTutorial-Screen.swift in Sources */,
				87D299E324561D69003959C3 /* TappableTextCapsuleView.swift in Sources */,
				87E9E9AB246748D600CF2E1E /* Tutorial-PageStore.swift in Sources */,
				DC4C1114245DEE21009BC14D /* Template-Screen.swift in Sources */,
				87E7E43D245961B400047253 /* RetailTutorial-Evaluator.swift in Sources */,
				87D299E124561D4E003959C3 /* PageBodyView.swift in Sources */,
				DC4C1120245DFF21009BC14D /* Tutorial-Translator.swift in Sources */,
				878B3A472453472300ACADE4 /* CharacterBezel.swift in Sources */,
				878B3A4C24535B1E00ACADE4 /* ObservingTextView.swift in Sources */,
				8794A604245CB98600D41E4F /* DismissReceiverExample-Translator.swift in Sources */,
				87D299D7245518C1003959C3 /* About-Evaluator.swift in Sources */,
				878B3A4F245378CF00ACADE4 /* AlertTranslating.swift in Sources */,
				87AC827B2453BB400090E443 /* Menu-Translator.swift in Sources */,
				872734A12456B868009C39B5 /* BiggerTutorial-Data.swift in Sources */,
				87AC827D2454C3EA0090E443 /* Numbers.swift in Sources */,
				3B6ACFE2245C29E700905DDB /* RetailTutorial-Page-Views.swift in Sources */,
				87E7E441245964A100047253 /* RetailTutorial-Page.swift in Sources */,
				87E7E43B24595FF100047253 /* ObservingPageView.swift in Sources */,
				DC4C111E245DFF21009BC14D /* Tutorial-Screen.swift in Sources */,
				878B3A4A2453588000ACADE4 /* ViewCycleEvaluating.swift in Sources */,
			);
			runOnlyForDeploymentPostprocessing = 0;
		};
		875562C2244C253500DB49C4 /* Sources */ = {
			isa = PBXSourcesBuildPhase;
			buildActionMask = 2147483647;
			files = (
				875562CB244C253500DB49C4 /* PoetTests.swift in Sources */,
				87E7E436245905B000047253 /* PagingTutorialTests.swift in Sources */,
			);
			runOnlyForDeploymentPostprocessing = 0;
		};
/* End PBXSourcesBuildPhase section */

/* Begin PBXTargetDependency section */
		875562C8244C253500DB49C4 /* PBXTargetDependency */ = {
			isa = PBXTargetDependency;
			target = 875562AF244C253200DB49C4 /* Poet */;
			targetProxy = 875562C7244C253500DB49C4 /* PBXContainerItemProxy */;
		};
/* End PBXTargetDependency section */

/* Begin PBXVariantGroup section */
		875562BE244C253500DB49C4 /* LaunchScreen.storyboard */ = {
			isa = PBXVariantGroup;
			children = (
				875562BF244C253500DB49C4 /* Base */,
			);
			name = LaunchScreen.storyboard;
			sourceTree = "<group>";
		};
/* End PBXVariantGroup section */

/* Begin XCBuildConfiguration section */
		875562CD244C253500DB49C4 /* Debug */ = {
			isa = XCBuildConfiguration;
			buildSettings = {
				ALWAYS_SEARCH_USER_PATHS = NO;
				CLANG_ANALYZER_NONNULL = YES;
				CLANG_ANALYZER_NUMBER_OBJECT_CONVERSION = YES_AGGRESSIVE;
				CLANG_CXX_LANGUAGE_STANDARD = "gnu++14";
				CLANG_CXX_LIBRARY = "libc++";
				CLANG_ENABLE_MODULES = YES;
				CLANG_ENABLE_OBJC_ARC = YES;
				CLANG_ENABLE_OBJC_WEAK = YES;
				CLANG_WARN_BLOCK_CAPTURE_AUTORELEASING = YES;
				CLANG_WARN_BOOL_CONVERSION = YES;
				CLANG_WARN_COMMA = YES;
				CLANG_WARN_CONSTANT_CONVERSION = YES;
				CLANG_WARN_DEPRECATED_OBJC_IMPLEMENTATIONS = YES;
				CLANG_WARN_DIRECT_OBJC_ISA_USAGE = YES_ERROR;
				CLANG_WARN_DOCUMENTATION_COMMENTS = YES;
				CLANG_WARN_EMPTY_BODY = YES;
				CLANG_WARN_ENUM_CONVERSION = YES;
				CLANG_WARN_INFINITE_RECURSION = YES;
				CLANG_WARN_INT_CONVERSION = YES;
				CLANG_WARN_NON_LITERAL_NULL_CONVERSION = YES;
				CLANG_WARN_OBJC_IMPLICIT_RETAIN_SELF = YES;
				CLANG_WARN_OBJC_LITERAL_CONVERSION = YES;
				CLANG_WARN_OBJC_ROOT_CLASS = YES_ERROR;
				CLANG_WARN_RANGE_LOOP_ANALYSIS = YES;
				CLANG_WARN_STRICT_PROTOTYPES = YES;
				CLANG_WARN_SUSPICIOUS_MOVE = YES;
				CLANG_WARN_UNGUARDED_AVAILABILITY = YES_AGGRESSIVE;
				CLANG_WARN_UNREACHABLE_CODE = YES;
				CLANG_WARN__DUPLICATE_METHOD_MATCH = YES;
				COPY_PHASE_STRIP = NO;
				DEBUG_INFORMATION_FORMAT = dwarf;
				ENABLE_STRICT_OBJC_MSGSEND = YES;
				ENABLE_TESTABILITY = YES;
				GCC_C_LANGUAGE_STANDARD = gnu11;
				GCC_DYNAMIC_NO_PIC = NO;
				GCC_NO_COMMON_BLOCKS = YES;
				GCC_OPTIMIZATION_LEVEL = 0;
				GCC_PREPROCESSOR_DEFINITIONS = (
					"DEBUG=1",
					"$(inherited)",
				);
				GCC_WARN_64_TO_32_BIT_CONVERSION = YES;
				GCC_WARN_ABOUT_RETURN_TYPE = YES_ERROR;
				GCC_WARN_UNDECLARED_SELECTOR = YES;
				GCC_WARN_UNINITIALIZED_AUTOS = YES_AGGRESSIVE;
				GCC_WARN_UNUSED_FUNCTION = YES;
				GCC_WARN_UNUSED_VARIABLE = YES;
				IPHONEOS_DEPLOYMENT_TARGET = 13.0;
				MTL_ENABLE_DEBUG_INFO = INCLUDE_SOURCE;
				MTL_FAST_MATH = YES;
				ONLY_ACTIVE_ARCH = YES;
				SDKROOT = iphoneos;
				SWIFT_ACTIVE_COMPILATION_CONDITIONS = DEBUG;
				SWIFT_OPTIMIZATION_LEVEL = "-Onone";
			};
			name = Debug;
		};
		875562CE244C253500DB49C4 /* Release */ = {
			isa = XCBuildConfiguration;
			buildSettings = {
				ALWAYS_SEARCH_USER_PATHS = NO;
				CLANG_ANALYZER_NONNULL = YES;
				CLANG_ANALYZER_NUMBER_OBJECT_CONVERSION = YES_AGGRESSIVE;
				CLANG_CXX_LANGUAGE_STANDARD = "gnu++14";
				CLANG_CXX_LIBRARY = "libc++";
				CLANG_ENABLE_MODULES = YES;
				CLANG_ENABLE_OBJC_ARC = YES;
				CLANG_ENABLE_OBJC_WEAK = YES;
				CLANG_WARN_BLOCK_CAPTURE_AUTORELEASING = YES;
				CLANG_WARN_BOOL_CONVERSION = YES;
				CLANG_WARN_COMMA = YES;
				CLANG_WARN_CONSTANT_CONVERSION = YES;
				CLANG_WARN_DEPRECATED_OBJC_IMPLEMENTATIONS = YES;
				CLANG_WARN_DIRECT_OBJC_ISA_USAGE = YES_ERROR;
				CLANG_WARN_DOCUMENTATION_COMMENTS = YES;
				CLANG_WARN_EMPTY_BODY = YES;
				CLANG_WARN_ENUM_CONVERSION = YES;
				CLANG_WARN_INFINITE_RECURSION = YES;
				CLANG_WARN_INT_CONVERSION = YES;
				CLANG_WARN_NON_LITERAL_NULL_CONVERSION = YES;
				CLANG_WARN_OBJC_IMPLICIT_RETAIN_SELF = YES;
				CLANG_WARN_OBJC_LITERAL_CONVERSION = YES;
				CLANG_WARN_OBJC_ROOT_CLASS = YES_ERROR;
				CLANG_WARN_RANGE_LOOP_ANALYSIS = YES;
				CLANG_WARN_STRICT_PROTOTYPES = YES;
				CLANG_WARN_SUSPICIOUS_MOVE = YES;
				CLANG_WARN_UNGUARDED_AVAILABILITY = YES_AGGRESSIVE;
				CLANG_WARN_UNREACHABLE_CODE = YES;
				CLANG_WARN__DUPLICATE_METHOD_MATCH = YES;
				COPY_PHASE_STRIP = NO;
				DEBUG_INFORMATION_FORMAT = "dwarf-with-dsym";
				ENABLE_NS_ASSERTIONS = NO;
				ENABLE_STRICT_OBJC_MSGSEND = YES;
				GCC_C_LANGUAGE_STANDARD = gnu11;
				GCC_NO_COMMON_BLOCKS = YES;
				GCC_WARN_64_TO_32_BIT_CONVERSION = YES;
				GCC_WARN_ABOUT_RETURN_TYPE = YES_ERROR;
				GCC_WARN_UNDECLARED_SELECTOR = YES;
				GCC_WARN_UNINITIALIZED_AUTOS = YES_AGGRESSIVE;
				GCC_WARN_UNUSED_FUNCTION = YES;
				GCC_WARN_UNUSED_VARIABLE = YES;
				IPHONEOS_DEPLOYMENT_TARGET = 13.0;
				MTL_ENABLE_DEBUG_INFO = NO;
				MTL_FAST_MATH = YES;
				SDKROOT = iphoneos;
				SWIFT_COMPILATION_MODE = wholemodule;
				SWIFT_OPTIMIZATION_LEVEL = "-O";
				VALIDATE_PRODUCT = YES;
			};
			name = Release;
		};
		875562D0244C253500DB49C4 /* Debug */ = {
			isa = XCBuildConfiguration;
			buildSettings = {
				ASSETCATALOG_COMPILER_APPICON_NAME = AppIcon;
				CODE_SIGN_STYLE = Automatic;
				DEVELOPMENT_ASSET_PATHS = "\"Poet/Preview Content\"";
				DEVELOPMENT_TEAM = XBV79M6D9G;
				ENABLE_PREVIEWS = YES;
				INFOPLIST_FILE = Poet/Info.plist;
				LD_RUNPATH_SEARCH_PATHS = (
					"$(inherited)",
					"@executable_path/Frameworks",
				);
				PRODUCT_BUNDLE_IDENTIFIER = com.cotner.steve.Poet;
				PRODUCT_NAME = Poet;
				SWIFT_VERSION = 5.0;
				TARGETED_DEVICE_FAMILY = "1,2";
			};
			name = Debug;
		};
		875562D1244C253500DB49C4 /* Release */ = {
			isa = XCBuildConfiguration;
			buildSettings = {
				ASSETCATALOG_COMPILER_APPICON_NAME = AppIcon;
				CODE_SIGN_STYLE = Automatic;
				DEVELOPMENT_ASSET_PATHS = "\"Poet/Preview Content\"";
				DEVELOPMENT_TEAM = XBV79M6D9G;
				ENABLE_PREVIEWS = YES;
				INFOPLIST_FILE = Poet/Info.plist;
				LD_RUNPATH_SEARCH_PATHS = (
					"$(inherited)",
					"@executable_path/Frameworks",
				);
				PRODUCT_BUNDLE_IDENTIFIER = com.cotner.steve.Poet;
				PRODUCT_NAME = Poet;
				SWIFT_VERSION = 5.0;
				TARGETED_DEVICE_FAMILY = "1,2";
			};
			name = Release;
		};
		875562D3244C253500DB49C4 /* Debug */ = {
			isa = XCBuildConfiguration;
			buildSettings = {
				ALWAYS_EMBED_SWIFT_STANDARD_LIBRARIES = YES;
				BUNDLE_LOADER = "$(TEST_HOST)";
				CODE_SIGN_STYLE = Automatic;
				DEVELOPMENT_TEAM = XBV79M6D9G;
				INFOPLIST_FILE = PoetTests/Info.plist;
				IPHONEOS_DEPLOYMENT_TARGET = 13.0;
				LD_RUNPATH_SEARCH_PATHS = (
					"$(inherited)",
					"@executable_path/Frameworks",
					"@loader_path/Frameworks",
				);
				PRODUCT_BUNDLE_IDENTIFIER = com.cotner.steve.PoetTests;
				PRODUCT_NAME = "$(TARGET_NAME)";
				SWIFT_VERSION = 5.0;
				TARGETED_DEVICE_FAMILY = "1,2";
				TEST_HOST = "$(BUILT_PRODUCTS_DIR)/Poet.app/Poet";
			};
			name = Debug;
		};
		875562D4244C253500DB49C4 /* Release */ = {
			isa = XCBuildConfiguration;
			buildSettings = {
				ALWAYS_EMBED_SWIFT_STANDARD_LIBRARIES = YES;
				BUNDLE_LOADER = "$(TEST_HOST)";
				CODE_SIGN_STYLE = Automatic;
				DEVELOPMENT_TEAM = XBV79M6D9G;
				INFOPLIST_FILE = PoetTests/Info.plist;
				IPHONEOS_DEPLOYMENT_TARGET = 13.0;
				LD_RUNPATH_SEARCH_PATHS = (
					"$(inherited)",
					"@executable_path/Frameworks",
					"@loader_path/Frameworks",
				);
				PRODUCT_BUNDLE_IDENTIFIER = com.cotner.steve.PoetTests;
				PRODUCT_NAME = "$(TARGET_NAME)";
				SWIFT_VERSION = 5.0;
				TARGETED_DEVICE_FAMILY = "1,2";
				TEST_HOST = "$(BUILT_PRODUCTS_DIR)/Poet.app/Poet";
			};
			name = Release;
		};
/* End XCBuildConfiguration section */

/* Begin XCConfigurationList section */
		875562AB244C253200DB49C4 /* Build configuration list for PBXProject "Poet" */ = {
			isa = XCConfigurationList;
			buildConfigurations = (
				875562CD244C253500DB49C4 /* Debug */,
				875562CE244C253500DB49C4 /* Release */,
			);
			defaultConfigurationIsVisible = 0;
			defaultConfigurationName = Release;
		};
		875562CF244C253500DB49C4 /* Build configuration list for PBXNativeTarget "Poet" */ = {
			isa = XCConfigurationList;
			buildConfigurations = (
				875562D0244C253500DB49C4 /* Debug */,
				875562D1244C253500DB49C4 /* Release */,
			);
			defaultConfigurationIsVisible = 0;
			defaultConfigurationName = Release;
		};
		875562D2244C253500DB49C4 /* Build configuration list for PBXNativeTarget "PoetTests" */ = {
			isa = XCConfigurationList;
			buildConfigurations = (
				875562D3244C253500DB49C4 /* Debug */,
				875562D4244C253500DB49C4 /* Release */,
			);
			defaultConfigurationIsVisible = 0;
			defaultConfigurationName = Release;
		};
/* End XCConfigurationList section */
	};
	rootObject = 875562A8244C253200DB49C4 /* Project object */;
}
