// !$*UTF8*$!
{
	archiveVersion = 1;
	classes = {
	};
	objectVersion = 50;
	objects = {

/* Begin PBXBuildFile section */
		3B1E8D3A2462A9CD005D033C /* AfterWait.swift in Sources */ = {isa = PBXBuildFile; fileRef = 3B1E8D392462A9CD005D033C /* AfterWait.swift */; };
		3B687617247DCA31005F2FBA /* ObservableEvaluatorAction.swift in Sources */ = {isa = PBXBuildFile; fileRef = 3B687616247DCA31005F2FBA /* ObservableEvaluatorAction.swift */; };
		3B68761A247DE165005F2FBA /* Chapter_Introduction.swift in Sources */ = {isa = PBXBuildFile; fileRef = 3B687619247DE165005F2FBA /* Chapter_Introduction.swift */; };
		3B68761C247DE256005F2FBA /* Chapter_WhyPoet.swift in Sources */ = {isa = PBXBuildFile; fileRef = 3B68761B247DE256005F2FBA /* Chapter_WhyPoet.swift */; };
		3B68761E247DE310005F2FBA /* Chapter_TheBasics.swift in Sources */ = {isa = PBXBuildFile; fileRef = 3B68761D247DE310005F2FBA /* Chapter_TheBasics.swift */; };
		3B687620247DE3D5005F2FBA /* Chapter_InteractingWithAView.swift in Sources */ = {isa = PBXBuildFile; fileRef = 3B68761F247DE3D5005F2FBA /* Chapter_InteractingWithAView.swift */; };
		3B687622247DE488005F2FBA /* Chapter_UpdatingBusinessState.swift in Sources */ = {isa = PBXBuildFile; fileRef = 3B687621247DE488005F2FBA /* Chapter_UpdatingBusinessState.swift */; };
		3B687624247DE497005F2FBA /* Chapter_UpdatingDisplayState.swift in Sources */ = {isa = PBXBuildFile; fileRef = 3B687623247DE497005F2FBA /* Chapter_UpdatingDisplayState.swift */; };
		3B687626247DE4AD005F2FBA /* Chapter_AsynchronousWork.swift in Sources */ = {isa = PBXBuildFile; fileRef = 3B687625247DE4AD005F2FBA /* Chapter_AsynchronousWork.swift */; };
		3B687628247DE4BB005F2FBA /* Chapter_PassableState.swift in Sources */ = {isa = PBXBuildFile; fileRef = 3B687627247DE4BB005F2FBA /* Chapter_PassableState.swift */; };
		3B68762E247DE4E0005F2FBA /* Chapter_ANoteOnCombine.swift in Sources */ = {isa = PBXBuildFile; fileRef = 3B68762D247DE4E0005F2FBA /* Chapter_ANoteOnCombine.swift */; };
		3B687630247DE4EE005F2FBA /* Chapter_RetailDemo.swift in Sources */ = {isa = PBXBuildFile; fileRef = 3B68762F247DE4EE005F2FBA /* Chapter_RetailDemo.swift */; };
		3B687632247E32A4005F2FBA /* Chapter_ProtocolOrientedTranslating.swift in Sources */ = {isa = PBXBuildFile; fileRef = 3B687631247E32A4005F2FBA /* Chapter_ProtocolOrientedTranslating.swift */; };
		3B687634247ECCF0005F2FBA /* AlertPresenter.swift in Sources */ = {isa = PBXBuildFile; fileRef = 3B687633247ECCF0005F2FBA /* AlertPresenter.swift */; };
		3B687636247ECDB9005F2FBA /* PassableAlert.swift in Sources */ = {isa = PBXBuildFile; fileRef = 3B687635247ECDB9005F2FBA /* PassableAlert.swift */; };
		3B72548D247FF7ED00E27551 /* NamedEvaluatorAction.swift in Sources */ = {isa = PBXBuildFile; fileRef = 3B72548C247FF7EC00E27551 /* NamedEvaluatorAction.swift */; };
		3B72548F247FF87300E27551 /* EvaluatorAction.txt in Resources */ = {isa = PBXBuildFile; fileRef = 3B72548E247FF87300E27551 /* EvaluatorAction.txt */; };
		3B725493248017B200E27551 /* HelloWorld-Screen.txt in Resources */ = {isa = PBXBuildFile; fileRef = 3B7254912480175E00E27551 /* HelloWorld-Screen.txt */; };
		3B725494248017B200E27551 /* HelloWorld-Evaluator.txt in Resources */ = {isa = PBXBuildFile; fileRef = 3B7254922480178D00E27551 /* HelloWorld-Evaluator.txt */; };
		3B72549724802C2100E27551 /* HelloWorld-Translator.txt in Resources */ = {isa = PBXBuildFile; fileRef = 3B725495248017DE00E27551 /* HelloWorld-Translator.txt */; };
		3B72549D2480702100E27551 /* Login-Screen.swift in Sources */ = {isa = PBXBuildFile; fileRef = 3B72549A24806FDB00E27551 /* Login-Screen.swift */; };
		3B72549E2480702100E27551 /* Login-Evaluator.swift in Sources */ = {isa = PBXBuildFile; fileRef = 3B72549924806FDB00E27551 /* Login-Evaluator.swift */; };
		3B72549F2480702100E27551 /* Login-Translator.swift in Sources */ = {isa = PBXBuildFile; fileRef = 3B72549B24806FDB00E27551 /* Login-Translator.swift */; };
		3B7254A124808AE300E27551 /* EvaluatorElement.swift in Sources */ = {isa = PBXBuildFile; fileRef = 3B7254A024808AE300E27551 /* EvaluatorElement.swift */; };
		3B7254A324808B0F00E27551 /* EvaluatingTextField.swift in Sources */ = {isa = PBXBuildFile; fileRef = 3B7254A224808B0F00E27551 /* EvaluatingTextField.swift */; };
		3BF6691C2477CFAA00AE055C /* Device.swift in Sources */ = {isa = PBXBuildFile; fileRef = 3BF6691B2477CFAA00AE055C /* Device.swift */; };
		3BF6691E2477D1F700AE055C /* FontSystem.swift in Sources */ = {isa = PBXBuildFile; fileRef = 3BF6691D2477D1F700AE055C /* FontSystem.swift */; };
		3BF669232478014400AE055C /* Template-Evaluator.txt in Resources */ = {isa = PBXBuildFile; fileRef = 3BF669202477FF5500AE055C /* Template-Evaluator.txt */; };
		3BF669252478032F00AE055C /* Template-Screen.txt in Resources */ = {isa = PBXBuildFile; fileRef = 3BF669242478032F00AE055C /* Template-Screen.txt */; };
		3BF6692824781A0F00AE055C /* PassableStep.swift in Sources */ = {isa = PBXBuildFile; fileRef = 3BF6692724781A0E00AE055C /* PassableStep.swift */; };
		3BF6692A24781A2900AE055C /* Passable.swift in Sources */ = {isa = PBXBuildFile; fileRef = 3BF6692924781A2900AE055C /* Passable.swift */; };
		3BF6692C24781A7100AE055C /* PassablePlease.swift in Sources */ = {isa = PBXBuildFile; fileRef = 3BF6692B24781A7100AE055C /* PassablePlease.swift */; };
		3BF6692E24781A9F00AE055C /* PassableArray.swift in Sources */ = {isa = PBXBuildFile; fileRef = 3BF6692D24781A9F00AE055C /* PassableArray.swift */; };
		3BF6693024781AB700AE055C /* PassableString.swift in Sources */ = {isa = PBXBuildFile; fileRef = 3BF6692F24781AB700AE055C /* PassableString.swift */; };
		3BF6693224781AD100AE055C /* PassableDouble.swift in Sources */ = {isa = PBXBuildFile; fileRef = 3BF6693124781AD100AE055C /* PassableDouble.swift */; };
		3BF6693424781B3100AE055C /* PassableStep.txt in Resources */ = {isa = PBXBuildFile; fileRef = 3BF6693324781B3100AE055C /* PassableStep.txt */; };
		3BF66936247820E000AE055C /* Template-Translator.txt in Resources */ = {isa = PBXBuildFile; fileRef = 3BF66935247820E000AE055C /* Template-Translator.txt */; };
		3BF6693B2478286800AE055C /* ObservableBool.swift in Sources */ = {isa = PBXBuildFile; fileRef = 3BF6693A2478286800AE055C /* ObservableBool.swift */; };
		3BF6693D247828B500AE055C /* ObservableDouble.swift in Sources */ = {isa = PBXBuildFile; fileRef = 3BF6693C247828B500AE055C /* ObservableDouble.swift */; };
		3BF6693F247828CA00AE055C /* ObservableInt.swift in Sources */ = {isa = PBXBuildFile; fileRef = 3BF6693E247828CA00AE055C /* ObservableInt.swift */; };
		3BF66941247828E900AE055C /* ObservableURL.swift in Sources */ = {isa = PBXBuildFile; fileRef = 3BF66940247828E900AE055C /* ObservableURL.swift */; };
		3BF669432478290D00AE055C /* ObservableArray.swift in Sources */ = {isa = PBXBuildFile; fileRef = 3BF669422478290D00AE055C /* ObservableArray.swift */; };
		3BF6694524782B1800AE055C /* ObservableNamedEvaluatorAction.swift in Sources */ = {isa = PBXBuildFile; fileRef = 3BF6694424782B1800AE055C /* ObservableNamedEvaluatorAction.swift */; };
		3BF6694724782B3700AE055C /* Observable.swift in Sources */ = {isa = PBXBuildFile; fileRef = 3BF6694624782B3700AE055C /* Observable.swift */; };
		3BF6694924782B7600AE055C /* ObservableString.txt in Resources */ = {isa = PBXBuildFile; fileRef = 3BF6694824782B7600AE055C /* ObservableString.txt */; };
		3BF6694B2478316600AE055C /* ObservingTextView.txt in Resources */ = {isa = PBXBuildFile; fileRef = 3BF6694A2478316600AE055C /* ObservingTextView.txt */; };
		875562B4244C253200DB49C4 /* AppDelegate.swift in Sources */ = {isa = PBXBuildFile; fileRef = 875562B3244C253200DB49C4 /* AppDelegate.swift */; };
		875562B6244C253200DB49C4 /* SceneDelegate.swift in Sources */ = {isa = PBXBuildFile; fileRef = 875562B5244C253200DB49C4 /* SceneDelegate.swift */; };
		875562BA244C253500DB49C4 /* Assets.xcassets in Resources */ = {isa = PBXBuildFile; fileRef = 875562B9244C253500DB49C4 /* Assets.xcassets */; };
		875562BD244C253500DB49C4 /* Preview Assets.xcassets in Resources */ = {isa = PBXBuildFile; fileRef = 875562BC244C253500DB49C4 /* Preview Assets.xcassets */; };
		875562C0244C253500DB49C4 /* LaunchScreen.storyboard in Resources */ = {isa = PBXBuildFile; fileRef = 875562BE244C253500DB49C4 /* LaunchScreen.storyboard */; };
		875562CB244C253500DB49C4 /* PoetTests.swift in Sources */ = {isa = PBXBuildFile; fileRef = 875562CA244C253500DB49C4 /* PoetTests.swift */; };
		875562ED244D144600DB49C4 /* ObservableString.swift in Sources */ = {isa = PBXBuildFile; fileRef = 875562EC244D144600DB49C4 /* ObservableString.swift */; };
		875562F5244D5FDB00DB49C4 /* PassableInt.swift in Sources */ = {isa = PBXBuildFile; fileRef = 875562F4244D5FDB00DB49C4 /* PassableInt.swift */; };
		878B3A472453472300ACADE4 /* BezelView.swift in Sources */ = {isa = PBXBuildFile; fileRef = 878B3A462453472300ACADE4 /* BezelView.swift */; };
		878B3A4A2453588000ACADE4 /* ViewCycleEvaluating.swift in Sources */ = {isa = PBXBuildFile; fileRef = 878B3A492453588000ACADE4 /* ViewCycleEvaluating.swift */; };
		878B3A4C24535B1E00ACADE4 /* ObservingTextView.swift in Sources */ = {isa = PBXBuildFile; fileRef = 878B3A4B24535B1E00ACADE4 /* ObservingTextView.swift */; };
		878B3A4F245378CF00ACADE4 /* AlertTranslating.swift in Sources */ = {isa = PBXBuildFile; fileRef = 878B3A4E245378CF00ACADE4 /* AlertTranslating.swift */; };
		878B3A51245378E300ACADE4 /* AlertView.swift in Sources */ = {isa = PBXBuildFile; fileRef = 878B3A50245378E300ACADE4 /* AlertView.swift */; };
		8794A5FA245C343400D41E4F /* Retail-PageViewMaker.swift in Sources */ = {isa = PBXBuildFile; fileRef = 8794A5F9245C343400D41E4F /* Retail-PageViewMaker.swift */; };
		8794A5FC245C9FF200D41E4F /* Menu-Data.swift in Sources */ = {isa = PBXBuildFile; fileRef = 8794A5FB245C9FF200D41E4F /* Menu-Data.swift */; };
		8794A602245CB8B200D41E4F /* DissmissReceiverExample-Screen.swift in Sources */ = {isa = PBXBuildFile; fileRef = 8794A601245CB8B200D41E4F /* DissmissReceiverExample-Screen.swift */; };
		8794A604245CB98600D41E4F /* DismissReceiverExample-Translator.swift in Sources */ = {isa = PBXBuildFile; fileRef = 8794A603245CB98600D41E4F /* DismissReceiverExample-Translator.swift */; };
		8794A606245CBA4D00D41E4F /* DismissReceiverExample-Evaluator.swift in Sources */ = {isa = PBXBuildFile; fileRef = 8794A605245CBA4D00D41E4F /* DismissReceiverExample-Evaluator.swift */; };
		87AC82792453BB3A0090E443 /* Menu-Screen.swift in Sources */ = {isa = PBXBuildFile; fileRef = 87AC82762453B9520090E443 /* Menu-Screen.swift */; };
		87AC827A2453BB3C0090E443 /* Menu-Evaluator.swift in Sources */ = {isa = PBXBuildFile; fileRef = 87AC82782453B9520090E443 /* Menu-Evaluator.swift */; };
		87AC827B2453BB400090E443 /* Menu-Translator.swift in Sources */ = {isa = PBXBuildFile; fileRef = 87AC82772453B9520090E443 /* Menu-Translator.swift */; };
		87AC827D2454C3EA0090E443 /* Numbers.swift in Sources */ = {isa = PBXBuildFile; fileRef = 87AC827C2454C3EA0090E443 /* Numbers.swift */; };
		87AC827F2454CDE90090E443 /* Behavior.swift in Sources */ = {isa = PBXBuildFile; fileRef = 87AC827E2454CDE90090E443 /* Behavior.swift */; };
		87D299D7245518C1003959C3 /* About-Evaluator.swift in Sources */ = {isa = PBXBuildFile; fileRef = 87D299D424551639003959C3 /* About-Evaluator.swift */; };
		87D299D8245518C1003959C3 /* About-Translator.swift in Sources */ = {isa = PBXBuildFile; fileRef = 87D299D624551639003959C3 /* About-Translator.swift */; };
		87D299D9245518C1003959C3 /* About-Screen.swift in Sources */ = {isa = PBXBuildFile; fileRef = 87D299D524551639003959C3 /* About-Screen.swift */; };
		87D299DF24561B9B003959C3 /* About-Data.swift in Sources */ = {isa = PBXBuildFile; fileRef = 87D299DE24561B9B003959C3 /* About-Data.swift */; };
		87D299E124561D4E003959C3 /* StaticPageViewMaker.swift in Sources */ = {isa = PBXBuildFile; fileRef = 87D299E024561D4E003959C3 /* StaticPageViewMaker.swift */; };
		87E7E43924595CBD00047253 /* Retail-Screen.swift in Sources */ = {isa = PBXBuildFile; fileRef = 87E7E43824595CBD00047253 /* Retail-Screen.swift */; };
		87E7E43B24595FF100047253 /* ObservingPageView.swift in Sources */ = {isa = PBXBuildFile; fileRef = 87E7E43A24595FF100047253 /* ObservingPageView.swift */; };
		87E7E43D245961B400047253 /* Retail-Evaluator.swift in Sources */ = {isa = PBXBuildFile; fileRef = 87E7E43C245961B400047253 /* Retail-Evaluator.swift */; };
		87E7E43F2459637900047253 /* Retail-Translator.swift in Sources */ = {isa = PBXBuildFile; fileRef = 87E7E43E2459637900047253 /* Retail-Translator.swift */; };
		87E9E9AB246748D600CF2E1E /* Tutorial-PageStore.swift in Sources */ = {isa = PBXBuildFile; fileRef = 87E9E9AA246748D600CF2E1E /* Tutorial-PageStore.swift */; };
		DC00E229247D984900A9F503 /* TextFile.swift in Sources */ = {isa = PBXBuildFile; fileRef = DC00E228247D984900A9F503 /* TextFile.swift */; };
		DC00E22B2480CD0F00A9F503 /* ObservableNamedEnabledEvaluatorAction.swift in Sources */ = {isa = PBXBuildFile; fileRef = DC00E22A2480CD0F00A9F503 /* ObservableNamedEnabledEvaluatorAction.swift */; };
		DC00E22D2481D29500A9F503 /* ObservableValidation.swift in Sources */ = {isa = PBXBuildFile; fileRef = DC00E22C2481D29500A9F503 /* ObservableValidation.swift */; };
		DC00E2302481D2E100A9F503 /* TextValidation.swift in Sources */ = {isa = PBXBuildFile; fileRef = DC00E22F2481D2E100A9F503 /* TextValidation.swift */; };
		DC00E2322481FCB300A9F503 /* Login-Performer.swift in Sources */ = {isa = PBXBuildFile; fileRef = DC00E2312481FCB300A9F503 /* Login-Performer.swift */; };
		DC00E234248217A200A9F503 /* PassableBool.swift in Sources */ = {isa = PBXBuildFile; fileRef = DC00E233248217A200A9F503 /* PassableBool.swift */; };
		DC00E2362482188900A9F503 /* BusyPresenter.swift in Sources */ = {isa = PBXBuildFile; fileRef = DC00E2352482188900A9F503 /* BusyPresenter.swift */; };
		DC00E23A24822FA100A9F503 /* Login-Tests.swift in Sources */ = {isa = PBXBuildFile; fileRef = DC00E23924822FA100A9F503 /* Login-Tests.swift */; };
		DC00E23B24822FAC00A9F503 /* Login-MockPerformer.swift in Sources */ = {isa = PBXBuildFile; fileRef = DC00E23724822F7C00A9F503 /* Login-MockPerformer.swift */; };
		DC00E23D2482A6BE00A9F503 /* NetworkingError.swift in Sources */ = {isa = PBXBuildFile; fileRef = DC00E23C2482A6BD00A9F503 /* NetworkingError.swift */; };
		DC00E23F2482A72600A9F503 /* Publisher+Networking.swift in Sources */ = {isa = PBXBuildFile; fileRef = DC00E23E2482A72600A9F503 /* Publisher+Networking.swift */; };
		DC00E24424839CC800A9F503 /* ViewCycleEvaluating.txt in Resources */ = {isa = PBXBuildFile; fileRef = DC00E24324839CC800A9F503 /* ViewCycleEvaluating.txt */; };
		DC00E2462484E0C300A9F503 /* ObservableEvaluatorAction.txt in Resources */ = {isa = PBXBuildFile; fileRef = DC00E2452484E0C300A9F503 /* ObservableEvaluatorAction.txt */; };
		DC00E24C2486AF8100A9F503 /* HelloData-Screen.swift in Sources */ = {isa = PBXBuildFile; fileRef = DC00E2482486AB7800A9F503 /* HelloData-Screen.swift */; };
		DC00E24D2486AF8600A9F503 /* HelloData-Evaluator.swift in Sources */ = {isa = PBXBuildFile; fileRef = DC00E2492486AB7800A9F503 /* HelloData-Evaluator.swift */; };
		DC00E24E2486AF8600A9F503 /* HelloData-Translator.swift in Sources */ = {isa = PBXBuildFile; fileRef = DC00E24A2486AB7A00A9F503 /* HelloData-Translator.swift */; };
		DC00E24F2486AF8600A9F503 /* HelloData-Performer.swift in Sources */ = {isa = PBXBuildFile; fileRef = DC00E24B2486AB7A00A9F503 /* HelloData-Performer.swift */; };
		DC04F6F124661C1400F49E00 /* ImageExtensions.swift in Sources */ = {isa = PBXBuildFile; fileRef = DC04F6F024661C1400F49E00 /* ImageExtensions.swift */; };
		DC31CC6A2479BDF500002075 /* FileMenuView.swift in Sources */ = {isa = PBXBuildFile; fileRef = DC31CC692479BDF500002075 /* FileMenuView.swift */; };
		DC31CC6C2479C8EE00002075 /* PresenterWithString.swift in Sources */ = {isa = PBXBuildFile; fileRef = DC31CC6B2479C8EE00002075 /* PresenterWithString.swift */; };
		DC31CC6E2479C90400002075 /* PresenterWithPassedValue.swift in Sources */ = {isa = PBXBuildFile; fileRef = DC31CC6D2479C90400002075 /* PresenterWithPassedValue.swift */; };
		DC31CC702479C9EC00002075 /* FileOfInterestButton.swift in Sources */ = {isa = PBXBuildFile; fileRef = DC31CC6F2479C9EC00002075 /* FileOfInterestButton.swift */; };
		DC31CC722479CA2100002075 /* FileTrayButton.swift in Sources */ = {isa = PBXBuildFile; fileRef = DC31CC712479CA2100002075 /* FileTrayButton.swift */; };
		DC31CC75247B367000002075 /* ObservingButton.txt in Resources */ = {isa = PBXBuildFile; fileRef = DC31CC74247B367000002075 /* ObservingButton.txt */; };
		DC31CC78247B393600002075 /* ActionEvaluating.txt in Resources */ = {isa = PBXBuildFile; fileRef = DC31CC77247B393600002075 /* ActionEvaluating.txt */; };
		DC31CC7B247C381400002075 /* HelloWorld-Screen.swift in Sources */ = {isa = PBXBuildFile; fileRef = DC31CC7A247C37F500002075 /* HelloWorld-Screen.swift */; };
		DC31CC7D247C383E00002075 /* HelloWorld-Evaluator.swift in Sources */ = {isa = PBXBuildFile; fileRef = DC31CC7C247C383E00002075 /* HelloWorld-Evaluator.swift */; };
		DC31CC7F247C384000002075 /* HelloWorld-Translator.swift in Sources */ = {isa = PBXBuildFile; fileRef = DC31CC7E247C384000002075 /* HelloWorld-Translator.swift */; };
		DC4C1114245DEE21009BC14D /* Template-Screen.swift in Sources */ = {isa = PBXBuildFile; fileRef = DC4C1113245DEE21009BC14D /* Template-Screen.swift */; };
		DC4C1116245DEF55009BC14D /* Template-Evaluator.swift in Sources */ = {isa = PBXBuildFile; fileRef = DC4C1115245DEF55009BC14D /* Template-Evaluator.swift */; };
		DC4C1118245DEF9A009BC14D /* Template-Translator.swift in Sources */ = {isa = PBXBuildFile; fileRef = DC4C1117245DEF9A009BC14D /* Template-Translator.swift */; };
		DC4C111A245DF73B009BC14D /* ObservingImageView.swift in Sources */ = {isa = PBXBuildFile; fileRef = DC4C1119245DF73B009BC14D /* ObservingImageView.swift */; };
		DC4C111E245DFF21009BC14D /* Tutorial-Screen.swift in Sources */ = {isa = PBXBuildFile; fileRef = DC4C111D245DF9AA009BC14D /* Tutorial-Screen.swift */; };
		DC4C111F245DFF21009BC14D /* Tutorial-Evaluator.swift in Sources */ = {isa = PBXBuildFile; fileRef = DC4C111B245DF9AA009BC14D /* Tutorial-Evaluator.swift */; };
		DC4C1120245DFF21009BC14D /* Tutorial-Translator.swift in Sources */ = {isa = PBXBuildFile; fileRef = DC4C111C245DF9AA009BC14D /* Tutorial-Translator.swift */; };
		DC4C6C462471054E0014A34C /* ActionEvaluating.swift in Sources */ = {isa = PBXBuildFile; fileRef = DC4C6C452471054E0014A34C /* ActionEvaluating.swift */; };
		DC4C6C482476C5660014A34C /* InstructionView.swift in Sources */ = {isa = PBXBuildFile; fileRef = DC4C6C472476C5660014A34C /* InstructionView.swift */; };
		DC4C6C4A2476C59A0014A34C /* ProductView.swift in Sources */ = {isa = PBXBuildFile; fileRef = DC4C6C492476C59A0014A34C /* ProductView.swift */; };
		DC4C6C4C2476C5A40014A34C /* DisplayableProductsView.swift in Sources */ = {isa = PBXBuildFile; fileRef = DC4C6C4B2476C5A40014A34C /* DisplayableProductsView.swift */; };
		DC4C6C4E2476C5FC0014A34C /* FoundNotFoundButtonsView.swift in Sources */ = {isa = PBXBuildFile; fileRef = DC4C6C4D2476C5FC0014A34C /* FoundNotFoundButtonsView.swift */; };
		DC4C6C502476C6A80014A34C /* SelectableCapsuleButton.swift in Sources */ = {isa = PBXBuildFile; fileRef = DC4C6C4F2476C6A80014A34C /* SelectableCapsuleButton.swift */; };
		DC4C6C522476C6E00014A34C /* OptionsView.swift in Sources */ = {isa = PBXBuildFile; fileRef = DC4C6C512476C6E00014A34C /* OptionsView.swift */; };
		DC4C6C562476C8060014A34C /* Fadeable.swift in Sources */ = {isa = PBXBuildFile; fileRef = DC4C6C552476C8060014A34C /* Fadeable.swift */; };
		DC4C6C582476C8590014A34C /* DismissReceiver.swift in Sources */ = {isa = PBXBuildFile; fileRef = DC4C6C572476C8590014A34C /* DismissReceiver.swift */; };
		DC4C6C5B2476CBAA0014A34C /* ObservingBottomButton.swift in Sources */ = {isa = PBXBuildFile; fileRef = DC4C6C5A2476CBA90014A34C /* ObservingBottomButton.swift */; };
		DC4C6C5D2476CC090014A34C /* CircularTabBar.swift in Sources */ = {isa = PBXBuildFile; fileRef = DC4C6C5C2476CC090014A34C /* CircularTabBar.swift */; };
		DC4C6C5F2476CC420014A34C /* TappableImage.swift in Sources */ = {isa = PBXBuildFile; fileRef = DC4C6C5E2476CC420014A34C /* TappableImage.swift */; };
		DC4C6C612476CD5B0014A34C /* ObservingButton.swift in Sources */ = {isa = PBXBuildFile; fileRef = DC4C6C602476CD5B0014A34C /* ObservingButton.swift */; };
		DC4C6C632476CDC40014A34C /* Hideable.swift in Sources */ = {isa = PBXBuildFile; fileRef = DC4C6C622476CDC40014A34C /* Hideable.swift */; };
		DC4C6C652476CE620014A34C /* MainTitleView.swift in Sources */ = {isa = PBXBuildFile; fileRef = DC4C6C642476CE620014A34C /* MainTitleView.swift */; };
		DC4C6C672476CF120014A34C /* Presenter.swift in Sources */ = {isa = PBXBuildFile; fileRef = DC4C6C662476CF120014A34C /* Presenter.swift */; };
		DC4C6C692476CF640014A34C /* ChapterTitleView.swift in Sources */ = {isa = PBXBuildFile; fileRef = DC4C6C682476CF640014A34C /* ChapterTitleView.swift */; };
		DC4C6C6B2476D02B0014A34C /* TableOfContentsView.swift in Sources */ = {isa = PBXBuildFile; fileRef = DC4C6C6A2476D02B0014A34C /* TableOfContentsView.swift */; };
		DC4C6C6D2476D0DA0014A34C /* SupplementaryCodeView.swift in Sources */ = {isa = PBXBuildFile; fileRef = DC4C6C6C2476D0DA0014A34C /* SupplementaryCodeView.swift */; };
		DC4C6C6F2476D14D0014A34C /* TutorialBodyView.swift in Sources */ = {isa = PBXBuildFile; fileRef = DC4C6C6E2476D14D0014A34C /* TutorialBodyView.swift */; };
		DC4C6C762476D3B60014A34C /* BackButton.swift in Sources */ = {isa = PBXBuildFile; fileRef = DC4C6C752476D3B60014A34C /* BackButton.swift */; };
		DC4C6C782476D3DB0014A34C /* DismissButton.swift in Sources */ = {isa = PBXBuildFile; fileRef = DC4C6C772476D3DA0014A34C /* DismissButton.swift */; };
		DC4C6C7B2476D4AE0014A34C /* DismissTranslating.swift in Sources */ = {isa = PBXBuildFile; fileRef = DC4C6C7A2476D4AE0014A34C /* DismissTranslating.swift */; };
		DC4C6C80247984120014A34C /* ArrayExtensions.swift in Sources */ = {isa = PBXBuildFile; fileRef = DC4C6C7F247984120014A34C /* ArrayExtensions.swift */; };
		DC656560246F07230048A848 /* HelloSolarSystem-Screen.swift in Sources */ = {isa = PBXBuildFile; fileRef = DC65655F246F07230048A848 /* HelloSolarSystem-Screen.swift */; };
		DC656562246F08C80048A848 /* HelloSolarSystem-Evaluator.swift in Sources */ = {isa = PBXBuildFile; fileRef = DC656561246F08C80048A848 /* HelloSolarSystem-Evaluator.swift */; };
		DC656564246F08D60048A848 /* HelloSolarSystem-Translator.swift in Sources */ = {isa = PBXBuildFile; fileRef = DC656563246F08D60048A848 /* HelloSolarSystem-Translator.swift */; };
		DC65656624705E7C0048A848 /* HelloSolarSystem-Store.swift in Sources */ = {isa = PBXBuildFile; fileRef = DC65656524705E7C0048A848 /* HelloSolarSystem-Store.swift */; };
		DC65656824709D570048A848 /* EvaluatorAction.swift in Sources */ = {isa = PBXBuildFile; fileRef = DC65656724709D570048A848 /* EvaluatorAction.swift */; };
		DC65656A2470AA530048A848 /* EvaluatorStep.swift in Sources */ = {isa = PBXBuildFile; fileRef = DC6565692470AA530048A848 /* EvaluatorStep.swift */; };
		DC65656D2470F4FB0048A848 /* CharacterBezelTranslating.swift in Sources */ = {isa = PBXBuildFile; fileRef = DC65656C2470F4FA0048A848 /* CharacterBezelTranslating.swift */; };
/* End PBXBuildFile section */

/* Begin PBXContainerItemProxy section */
		875562C7244C253500DB49C4 /* PBXContainerItemProxy */ = {
			isa = PBXContainerItemProxy;
			containerPortal = 875562A8244C253200DB49C4 /* Project object */;
			proxyType = 1;
			remoteGlobalIDString = 875562AF244C253200DB49C4;
			remoteInfo = Katong;
		};
/* End PBXContainerItemProxy section */

/* Begin PBXFileReference section */
		3B1E8D392462A9CD005D033C /* AfterWait.swift */ = {isa = PBXFileReference; lastKnownFileType = sourcecode.swift; path = AfterWait.swift; sourceTree = "<group>"; };
		3B687616247DCA31005F2FBA /* ObservableEvaluatorAction.swift */ = {isa = PBXFileReference; lastKnownFileType = sourcecode.swift; path = ObservableEvaluatorAction.swift; sourceTree = "<group>"; };
		3B687619247DE165005F2FBA /* Chapter_Introduction.swift */ = {isa = PBXFileReference; lastKnownFileType = sourcecode.swift; path = Chapter_Introduction.swift; sourceTree = "<group>"; };
		3B68761B247DE256005F2FBA /* Chapter_WhyPoet.swift */ = {isa = PBXFileReference; lastKnownFileType = sourcecode.swift; path = Chapter_WhyPoet.swift; sourceTree = "<group>"; };
		3B68761D247DE310005F2FBA /* Chapter_TheBasics.swift */ = {isa = PBXFileReference; lastKnownFileType = sourcecode.swift; path = Chapter_TheBasics.swift; sourceTree = "<group>"; };
		3B68761F247DE3D5005F2FBA /* Chapter_InteractingWithAView.swift */ = {isa = PBXFileReference; lastKnownFileType = sourcecode.swift; path = Chapter_InteractingWithAView.swift; sourceTree = "<group>"; };
		3B687621247DE488005F2FBA /* Chapter_UpdatingBusinessState.swift */ = {isa = PBXFileReference; lastKnownFileType = sourcecode.swift; path = Chapter_UpdatingBusinessState.swift; sourceTree = "<group>"; };
		3B687623247DE497005F2FBA /* Chapter_UpdatingDisplayState.swift */ = {isa = PBXFileReference; lastKnownFileType = sourcecode.swift; path = Chapter_UpdatingDisplayState.swift; sourceTree = "<group>"; };
		3B687625247DE4AD005F2FBA /* Chapter_AsynchronousWork.swift */ = {isa = PBXFileReference; lastKnownFileType = sourcecode.swift; path = Chapter_AsynchronousWork.swift; sourceTree = "<group>"; };
		3B687627247DE4BB005F2FBA /* Chapter_PassableState.swift */ = {isa = PBXFileReference; lastKnownFileType = sourcecode.swift; path = Chapter_PassableState.swift; sourceTree = "<group>"; };
		3B68762D247DE4E0005F2FBA /* Chapter_ANoteOnCombine.swift */ = {isa = PBXFileReference; lastKnownFileType = sourcecode.swift; path = Chapter_ANoteOnCombine.swift; sourceTree = "<group>"; };
		3B68762F247DE4EE005F2FBA /* Chapter_RetailDemo.swift */ = {isa = PBXFileReference; lastKnownFileType = sourcecode.swift; path = Chapter_RetailDemo.swift; sourceTree = "<group>"; };
		3B687631247E32A4005F2FBA /* Chapter_ProtocolOrientedTranslating.swift */ = {isa = PBXFileReference; lastKnownFileType = sourcecode.swift; path = Chapter_ProtocolOrientedTranslating.swift; sourceTree = "<group>"; };
		3B687633247ECCF0005F2FBA /* AlertPresenter.swift */ = {isa = PBXFileReference; lastKnownFileType = sourcecode.swift; path = AlertPresenter.swift; sourceTree = "<group>"; };
		3B687635247ECDB9005F2FBA /* PassableAlert.swift */ = {isa = PBXFileReference; lastKnownFileType = sourcecode.swift; path = PassableAlert.swift; sourceTree = "<group>"; };
		3B72548C247FF7EC00E27551 /* NamedEvaluatorAction.swift */ = {isa = PBXFileReference; lastKnownFileType = sourcecode.swift; path = NamedEvaluatorAction.swift; sourceTree = "<group>"; };
		3B72548E247FF87300E27551 /* EvaluatorAction.txt */ = {isa = PBXFileReference; lastKnownFileType = text; path = EvaluatorAction.txt; sourceTree = "<group>"; };
		3B7254912480175E00E27551 /* HelloWorld-Screen.txt */ = {isa = PBXFileReference; lastKnownFileType = text; path = "HelloWorld-Screen.txt"; sourceTree = "<group>"; };
		3B7254922480178D00E27551 /* HelloWorld-Evaluator.txt */ = {isa = PBXFileReference; lastKnownFileType = text; path = "HelloWorld-Evaluator.txt"; sourceTree = "<group>"; };
		3B725495248017DE00E27551 /* HelloWorld-Translator.txt */ = {isa = PBXFileReference; lastKnownFileType = text; path = "HelloWorld-Translator.txt"; sourceTree = "<group>"; };
		3B72549924806FDB00E27551 /* Login-Evaluator.swift */ = {isa = PBXFileReference; lastKnownFileType = sourcecode.swift; path = "Login-Evaluator.swift"; sourceTree = "<group>"; };
		3B72549A24806FDB00E27551 /* Login-Screen.swift */ = {isa = PBXFileReference; lastKnownFileType = sourcecode.swift; path = "Login-Screen.swift"; sourceTree = "<group>"; };
		3B72549B24806FDB00E27551 /* Login-Translator.swift */ = {isa = PBXFileReference; lastKnownFileType = sourcecode.swift; path = "Login-Translator.swift"; sourceTree = "<group>"; };
		3B7254A024808AE300E27551 /* EvaluatorElement.swift */ = {isa = PBXFileReference; lastKnownFileType = sourcecode.swift; path = EvaluatorElement.swift; sourceTree = "<group>"; };
		3B7254A224808B0F00E27551 /* EvaluatingTextField.swift */ = {isa = PBXFileReference; lastKnownFileType = sourcecode.swift; path = EvaluatingTextField.swift; sourceTree = "<group>"; };
		3BF6691B2477CFAA00AE055C /* Device.swift */ = {isa = PBXFileReference; lastKnownFileType = sourcecode.swift; path = Device.swift; sourceTree = "<group>"; };
		3BF6691D2477D1F700AE055C /* FontSystem.swift */ = {isa = PBXFileReference; lastKnownFileType = sourcecode.swift; path = FontSystem.swift; sourceTree = "<group>"; };
		3BF669202477FF5500AE055C /* Template-Evaluator.txt */ = {isa = PBXFileReference; lastKnownFileType = text; path = "Template-Evaluator.txt"; sourceTree = "<group>"; };
		3BF669242478032F00AE055C /* Template-Screen.txt */ = {isa = PBXFileReference; lastKnownFileType = text; path = "Template-Screen.txt"; sourceTree = "<group>"; };
		3BF6692724781A0E00AE055C /* PassableStep.swift */ = {isa = PBXFileReference; lastKnownFileType = sourcecode.swift; path = PassableStep.swift; sourceTree = "<group>"; };
		3BF6692924781A2900AE055C /* Passable.swift */ = {isa = PBXFileReference; lastKnownFileType = sourcecode.swift; path = Passable.swift; sourceTree = "<group>"; };
		3BF6692B24781A7100AE055C /* PassablePlease.swift */ = {isa = PBXFileReference; lastKnownFileType = sourcecode.swift; path = PassablePlease.swift; sourceTree = "<group>"; };
		3BF6692D24781A9F00AE055C /* PassableArray.swift */ = {isa = PBXFileReference; lastKnownFileType = sourcecode.swift; path = PassableArray.swift; sourceTree = "<group>"; };
		3BF6692F24781AB700AE055C /* PassableString.swift */ = {isa = PBXFileReference; lastKnownFileType = sourcecode.swift; path = PassableString.swift; sourceTree = "<group>"; };
		3BF6693124781AD100AE055C /* PassableDouble.swift */ = {isa = PBXFileReference; lastKnownFileType = sourcecode.swift; path = PassableDouble.swift; sourceTree = "<group>"; };
		3BF6693324781B3100AE055C /* PassableStep.txt */ = {isa = PBXFileReference; lastKnownFileType = text; path = PassableStep.txt; sourceTree = "<group>"; };
		3BF66935247820E000AE055C /* Template-Translator.txt */ = {isa = PBXFileReference; lastKnownFileType = text; path = "Template-Translator.txt"; sourceTree = "<group>"; };
		3BF6693A2478286800AE055C /* ObservableBool.swift */ = {isa = PBXFileReference; lastKnownFileType = sourcecode.swift; path = ObservableBool.swift; sourceTree = "<group>"; };
		3BF6693C247828B500AE055C /* ObservableDouble.swift */ = {isa = PBXFileReference; lastKnownFileType = sourcecode.swift; path = ObservableDouble.swift; sourceTree = "<group>"; };
		3BF6693E247828CA00AE055C /* ObservableInt.swift */ = {isa = PBXFileReference; lastKnownFileType = sourcecode.swift; path = ObservableInt.swift; sourceTree = "<group>"; };
		3BF66940247828E900AE055C /* ObservableURL.swift */ = {isa = PBXFileReference; lastKnownFileType = sourcecode.swift; path = ObservableURL.swift; sourceTree = "<group>"; };
		3BF669422478290D00AE055C /* ObservableArray.swift */ = {isa = PBXFileReference; lastKnownFileType = sourcecode.swift; path = ObservableArray.swift; sourceTree = "<group>"; };
		3BF6694424782B1800AE055C /* ObservableNamedEvaluatorAction.swift */ = {isa = PBXFileReference; lastKnownFileType = sourcecode.swift; path = ObservableNamedEvaluatorAction.swift; sourceTree = "<group>"; };
		3BF6694624782B3700AE055C /* Observable.swift */ = {isa = PBXFileReference; lastKnownFileType = sourcecode.swift; path = Observable.swift; sourceTree = "<group>"; };
		3BF6694824782B7600AE055C /* ObservableString.txt */ = {isa = PBXFileReference; lastKnownFileType = text; path = ObservableString.txt; sourceTree = "<group>"; };
		3BF6694A2478316600AE055C /* ObservingTextView.txt */ = {isa = PBXFileReference; lastKnownFileType = text; path = ObservingTextView.txt; sourceTree = "<group>"; };
		875562B0244C253200DB49C4 /* Poet.app */ = {isa = PBXFileReference; explicitFileType = wrapper.application; includeInIndex = 0; path = Poet.app; sourceTree = BUILT_PRODUCTS_DIR; };
		875562B3244C253200DB49C4 /* AppDelegate.swift */ = {isa = PBXFileReference; lastKnownFileType = sourcecode.swift; path = AppDelegate.swift; sourceTree = "<group>"; };
		875562B5244C253200DB49C4 /* SceneDelegate.swift */ = {isa = PBXFileReference; lastKnownFileType = sourcecode.swift; path = SceneDelegate.swift; sourceTree = "<group>"; };
		875562B9244C253500DB49C4 /* Assets.xcassets */ = {isa = PBXFileReference; lastKnownFileType = folder.assetcatalog; path = Assets.xcassets; sourceTree = "<group>"; };
		875562BC244C253500DB49C4 /* Preview Assets.xcassets */ = {isa = PBXFileReference; lastKnownFileType = folder.assetcatalog; path = "Preview Assets.xcassets"; sourceTree = "<group>"; };
		875562BF244C253500DB49C4 /* Base */ = {isa = PBXFileReference; lastKnownFileType = file.storyboard; name = Base; path = Base.lproj/LaunchScreen.storyboard; sourceTree = "<group>"; };
		875562C1244C253500DB49C4 /* Info.plist */ = {isa = PBXFileReference; lastKnownFileType = text.plist.xml; path = Info.plist; sourceTree = "<group>"; };
		875562C6244C253500DB49C4 /* PoetTests.xctest */ = {isa = PBXFileReference; explicitFileType = wrapper.cfbundle; includeInIndex = 0; path = PoetTests.xctest; sourceTree = BUILT_PRODUCTS_DIR; };
		875562CA244C253500DB49C4 /* PoetTests.swift */ = {isa = PBXFileReference; lastKnownFileType = sourcecode.swift; path = PoetTests.swift; sourceTree = "<group>"; };
		875562CC244C253500DB49C4 /* Info.plist */ = {isa = PBXFileReference; lastKnownFileType = text.plist.xml; path = Info.plist; sourceTree = "<group>"; };
		875562EC244D144600DB49C4 /* ObservableString.swift */ = {isa = PBXFileReference; lastKnownFileType = sourcecode.swift; path = ObservableString.swift; sourceTree = "<group>"; };
		875562F4244D5FDB00DB49C4 /* PassableInt.swift */ = {isa = PBXFileReference; lastKnownFileType = sourcecode.swift; path = PassableInt.swift; sourceTree = "<group>"; };
		878B3A462453472300ACADE4 /* BezelView.swift */ = {isa = PBXFileReference; lastKnownFileType = sourcecode.swift; path = BezelView.swift; sourceTree = "<group>"; };
		878B3A492453588000ACADE4 /* ViewCycleEvaluating.swift */ = {isa = PBXFileReference; lastKnownFileType = sourcecode.swift; path = ViewCycleEvaluating.swift; sourceTree = "<group>"; };
		878B3A4B24535B1E00ACADE4 /* ObservingTextView.swift */ = {isa = PBXFileReference; lastKnownFileType = sourcecode.swift; path = ObservingTextView.swift; sourceTree = "<group>"; };
		878B3A4E245378CF00ACADE4 /* AlertTranslating.swift */ = {isa = PBXFileReference; lastKnownFileType = sourcecode.swift; path = AlertTranslating.swift; sourceTree = "<group>"; };
		878B3A50245378E300ACADE4 /* AlertView.swift */ = {isa = PBXFileReference; lastKnownFileType = sourcecode.swift; path = AlertView.swift; sourceTree = "<group>"; };
		8794A5F9245C343400D41E4F /* Retail-PageViewMaker.swift */ = {isa = PBXFileReference; lastKnownFileType = sourcecode.swift; path = "Retail-PageViewMaker.swift"; sourceTree = "<group>"; };
		8794A5FB245C9FF200D41E4F /* Menu-Data.swift */ = {isa = PBXFileReference; lastKnownFileType = sourcecode.swift; path = "Menu-Data.swift"; sourceTree = "<group>"; };
		8794A601245CB8B200D41E4F /* DissmissReceiverExample-Screen.swift */ = {isa = PBXFileReference; lastKnownFileType = sourcecode.swift; path = "DissmissReceiverExample-Screen.swift"; sourceTree = "<group>"; };
		8794A603245CB98600D41E4F /* DismissReceiverExample-Translator.swift */ = {isa = PBXFileReference; lastKnownFileType = sourcecode.swift; path = "DismissReceiverExample-Translator.swift"; sourceTree = "<group>"; };
		8794A605245CBA4D00D41E4F /* DismissReceiverExample-Evaluator.swift */ = {isa = PBXFileReference; lastKnownFileType = sourcecode.swift; path = "DismissReceiverExample-Evaluator.swift"; sourceTree = "<group>"; };
		87AC82762453B9520090E443 /* Menu-Screen.swift */ = {isa = PBXFileReference; lastKnownFileType = sourcecode.swift; path = "Menu-Screen.swift"; sourceTree = "<group>"; };
		87AC82772453B9520090E443 /* Menu-Translator.swift */ = {isa = PBXFileReference; lastKnownFileType = sourcecode.swift; path = "Menu-Translator.swift"; sourceTree = "<group>"; };
		87AC82782453B9520090E443 /* Menu-Evaluator.swift */ = {isa = PBXFileReference; lastKnownFileType = sourcecode.swift; path = "Menu-Evaluator.swift"; sourceTree = "<group>"; };
		87AC827C2454C3EA0090E443 /* Numbers.swift */ = {isa = PBXFileReference; lastKnownFileType = sourcecode.swift; path = Numbers.swift; sourceTree = "<group>"; };
		87AC827E2454CDE90090E443 /* Behavior.swift */ = {isa = PBXFileReference; lastKnownFileType = sourcecode.swift; path = Behavior.swift; sourceTree = "<group>"; };
		87D299D424551639003959C3 /* About-Evaluator.swift */ = {isa = PBXFileReference; lastKnownFileType = sourcecode.swift; path = "About-Evaluator.swift"; sourceTree = "<group>"; };
		87D299D524551639003959C3 /* About-Screen.swift */ = {isa = PBXFileReference; lastKnownFileType = sourcecode.swift; path = "About-Screen.swift"; sourceTree = "<group>"; };
		87D299D624551639003959C3 /* About-Translator.swift */ = {isa = PBXFileReference; lastKnownFileType = sourcecode.swift; path = "About-Translator.swift"; sourceTree = "<group>"; };
		87D299DE24561B9B003959C3 /* About-Data.swift */ = {isa = PBXFileReference; lastKnownFileType = sourcecode.swift; path = "About-Data.swift"; sourceTree = "<group>"; };
		87D299E024561D4E003959C3 /* StaticPageViewMaker.swift */ = {isa = PBXFileReference; lastKnownFileType = sourcecode.swift; path = StaticPageViewMaker.swift; sourceTree = "<group>"; };
		87E7E43824595CBD00047253 /* Retail-Screen.swift */ = {isa = PBXFileReference; lastKnownFileType = sourcecode.swift; path = "Retail-Screen.swift"; sourceTree = "<group>"; };
		87E7E43A24595FF100047253 /* ObservingPageView.swift */ = {isa = PBXFileReference; lastKnownFileType = sourcecode.swift; path = ObservingPageView.swift; sourceTree = "<group>"; };
		87E7E43C245961B400047253 /* Retail-Evaluator.swift */ = {isa = PBXFileReference; lastKnownFileType = sourcecode.swift; path = "Retail-Evaluator.swift"; sourceTree = "<group>"; };
		87E7E43E2459637900047253 /* Retail-Translator.swift */ = {isa = PBXFileReference; lastKnownFileType = sourcecode.swift; path = "Retail-Translator.swift"; sourceTree = "<group>"; };
		87E9E9AA246748D600CF2E1E /* Tutorial-PageStore.swift */ = {isa = PBXFileReference; lastKnownFileType = sourcecode.swift; path = "Tutorial-PageStore.swift"; sourceTree = "<group>"; };
		DC00E228247D984900A9F503 /* TextFile.swift */ = {isa = PBXFileReference; lastKnownFileType = sourcecode.swift; path = TextFile.swift; sourceTree = "<group>"; };
		DC00E22A2480CD0F00A9F503 /* ObservableNamedEnabledEvaluatorAction.swift */ = {isa = PBXFileReference; lastKnownFileType = sourcecode.swift; path = ObservableNamedEnabledEvaluatorAction.swift; sourceTree = "<group>"; };
		DC00E22C2481D29500A9F503 /* ObservableValidation.swift */ = {isa = PBXFileReference; lastKnownFileType = sourcecode.swift; path = ObservableValidation.swift; sourceTree = "<group>"; };
		DC00E22F2481D2E100A9F503 /* TextValidation.swift */ = {isa = PBXFileReference; lastKnownFileType = sourcecode.swift; path = TextValidation.swift; sourceTree = "<group>"; };
		DC00E2312481FCB300A9F503 /* Login-Performer.swift */ = {isa = PBXFileReference; lastKnownFileType = sourcecode.swift; path = "Login-Performer.swift"; sourceTree = "<group>"; };
		DC00E233248217A200A9F503 /* PassableBool.swift */ = {isa = PBXFileReference; lastKnownFileType = sourcecode.swift; path = PassableBool.swift; sourceTree = "<group>"; };
		DC00E2352482188900A9F503 /* BusyPresenter.swift */ = {isa = PBXFileReference; lastKnownFileType = sourcecode.swift; path = BusyPresenter.swift; sourceTree = "<group>"; };
		DC00E23724822F7C00A9F503 /* Login-MockPerformer.swift */ = {isa = PBXFileReference; lastKnownFileType = sourcecode.swift; path = "Login-MockPerformer.swift"; sourceTree = "<group>"; };
		DC00E23924822FA100A9F503 /* Login-Tests.swift */ = {isa = PBXFileReference; lastKnownFileType = sourcecode.swift; path = "Login-Tests.swift"; sourceTree = "<group>"; };
		DC00E23C2482A6BD00A9F503 /* NetworkingError.swift */ = {isa = PBXFileReference; lastKnownFileType = sourcecode.swift; path = NetworkingError.swift; sourceTree = "<group>"; };
		DC00E23E2482A72600A9F503 /* Publisher+Networking.swift */ = {isa = PBXFileReference; lastKnownFileType = sourcecode.swift; path = "Publisher+Networking.swift"; sourceTree = "<group>"; };
		DC00E24324839CC800A9F503 /* ViewCycleEvaluating.txt */ = {isa = PBXFileReference; lastKnownFileType = text; path = ViewCycleEvaluating.txt; sourceTree = "<group>"; };
		DC00E2452484E0C300A9F503 /* ObservableEvaluatorAction.txt */ = {isa = PBXFileReference; lastKnownFileType = text; path = ObservableEvaluatorAction.txt; sourceTree = "<group>"; };
		DC00E2482486AB7800A9F503 /* HelloData-Screen.swift */ = {isa = PBXFileReference; lastKnownFileType = sourcecode.swift; path = "HelloData-Screen.swift"; sourceTree = "<group>"; };
		DC00E2492486AB7800A9F503 /* HelloData-Evaluator.swift */ = {isa = PBXFileReference; lastKnownFileType = sourcecode.swift; path = "HelloData-Evaluator.swift"; sourceTree = "<group>"; };
		DC00E24A2486AB7A00A9F503 /* HelloData-Translator.swift */ = {isa = PBXFileReference; lastKnownFileType = sourcecode.swift; path = "HelloData-Translator.swift"; sourceTree = "<group>"; };
		DC00E24B2486AB7A00A9F503 /* HelloData-Performer.swift */ = {isa = PBXFileReference; lastKnownFileType = sourcecode.swift; path = "HelloData-Performer.swift"; sourceTree = "<group>"; };
		DC04F6F024661C1400F49E00 /* ImageExtensions.swift */ = {isa = PBXFileReference; lastKnownFileType = sourcecode.swift; path = ImageExtensions.swift; sourceTree = "<group>"; };
		DC31CC692479BDF500002075 /* FileMenuView.swift */ = {isa = PBXFileReference; lastKnownFileType = sourcecode.swift; path = FileMenuView.swift; sourceTree = "<group>"; };
		DC31CC6B2479C8EE00002075 /* PresenterWithString.swift */ = {isa = PBXFileReference; lastKnownFileType = sourcecode.swift; path = PresenterWithString.swift; sourceTree = "<group>"; };
		DC31CC6D2479C90400002075 /* PresenterWithPassedValue.swift */ = {isa = PBXFileReference; lastKnownFileType = sourcecode.swift; path = PresenterWithPassedValue.swift; sourceTree = "<group>"; };
		DC31CC6F2479C9EC00002075 /* FileOfInterestButton.swift */ = {isa = PBXFileReference; lastKnownFileType = sourcecode.swift; path = FileOfInterestButton.swift; sourceTree = "<group>"; };
		DC31CC712479CA2100002075 /* FileTrayButton.swift */ = {isa = PBXFileReference; lastKnownFileType = sourcecode.swift; path = FileTrayButton.swift; sourceTree = "<group>"; };
		DC31CC74247B367000002075 /* ObservingButton.txt */ = {isa = PBXFileReference; lastKnownFileType = text; path = ObservingButton.txt; sourceTree = "<group>"; };
		DC31CC77247B393600002075 /* ActionEvaluating.txt */ = {isa = PBXFileReference; lastKnownFileType = text; path = ActionEvaluating.txt; sourceTree = "<group>"; };
		DC31CC7A247C37F500002075 /* HelloWorld-Screen.swift */ = {isa = PBXFileReference; lastKnownFileType = sourcecode.swift; path = "HelloWorld-Screen.swift"; sourceTree = "<group>"; };
		DC31CC7C247C383E00002075 /* HelloWorld-Evaluator.swift */ = {isa = PBXFileReference; lastKnownFileType = sourcecode.swift; path = "HelloWorld-Evaluator.swift"; sourceTree = "<group>"; };
		DC31CC7E247C384000002075 /* HelloWorld-Translator.swift */ = {isa = PBXFileReference; lastKnownFileType = sourcecode.swift; path = "HelloWorld-Translator.swift"; sourceTree = "<group>"; };
		DC4C1113245DEE21009BC14D /* Template-Screen.swift */ = {isa = PBXFileReference; lastKnownFileType = sourcecode.swift; path = "Template-Screen.swift"; sourceTree = "<group>"; };
		DC4C1115245DEF55009BC14D /* Template-Evaluator.swift */ = {isa = PBXFileReference; lastKnownFileType = sourcecode.swift; path = "Template-Evaluator.swift"; sourceTree = "<group>"; };
		DC4C1117245DEF9A009BC14D /* Template-Translator.swift */ = {isa = PBXFileReference; lastKnownFileType = sourcecode.swift; path = "Template-Translator.swift"; sourceTree = "<group>"; };
		DC4C1119245DF73B009BC14D /* ObservingImageView.swift */ = {isa = PBXFileReference; lastKnownFileType = sourcecode.swift; path = ObservingImageView.swift; sourceTree = "<group>"; };
		DC4C111B245DF9AA009BC14D /* Tutorial-Evaluator.swift */ = {isa = PBXFileReference; lastKnownFileType = sourcecode.swift; path = "Tutorial-Evaluator.swift"; sourceTree = "<group>"; };
		DC4C111C245DF9AA009BC14D /* Tutorial-Translator.swift */ = {isa = PBXFileReference; lastKnownFileType = sourcecode.swift; path = "Tutorial-Translator.swift"; sourceTree = "<group>"; };
		DC4C111D245DF9AA009BC14D /* Tutorial-Screen.swift */ = {isa = PBXFileReference; lastKnownFileType = sourcecode.swift; path = "Tutorial-Screen.swift"; sourceTree = "<group>"; };
		DC4C6C452471054E0014A34C /* ActionEvaluating.swift */ = {isa = PBXFileReference; lastKnownFileType = sourcecode.swift; path = ActionEvaluating.swift; sourceTree = "<group>"; };
		DC4C6C472476C5660014A34C /* InstructionView.swift */ = {isa = PBXFileReference; lastKnownFileType = sourcecode.swift; path = InstructionView.swift; sourceTree = "<group>"; };
		DC4C6C492476C59A0014A34C /* ProductView.swift */ = {isa = PBXFileReference; lastKnownFileType = sourcecode.swift; path = ProductView.swift; sourceTree = "<group>"; };
		DC4C6C4B2476C5A40014A34C /* DisplayableProductsView.swift */ = {isa = PBXFileReference; lastKnownFileType = sourcecode.swift; path = DisplayableProductsView.swift; sourceTree = "<group>"; };
		DC4C6C4D2476C5FC0014A34C /* FoundNotFoundButtonsView.swift */ = {isa = PBXFileReference; lastKnownFileType = sourcecode.swift; path = FoundNotFoundButtonsView.swift; sourceTree = "<group>"; };
		DC4C6C4F2476C6A80014A34C /* SelectableCapsuleButton.swift */ = {isa = PBXFileReference; lastKnownFileType = sourcecode.swift; path = SelectableCapsuleButton.swift; sourceTree = "<group>"; };
		DC4C6C512476C6E00014A34C /* OptionsView.swift */ = {isa = PBXFileReference; lastKnownFileType = sourcecode.swift; path = OptionsView.swift; sourceTree = "<group>"; };
		DC4C6C552476C8060014A34C /* Fadeable.swift */ = {isa = PBXFileReference; lastKnownFileType = sourcecode.swift; path = Fadeable.swift; sourceTree = "<group>"; };
		DC4C6C572476C8590014A34C /* DismissReceiver.swift */ = {isa = PBXFileReference; lastKnownFileType = sourcecode.swift; path = DismissReceiver.swift; sourceTree = "<group>"; };
		DC4C6C5A2476CBA90014A34C /* ObservingBottomButton.swift */ = {isa = PBXFileReference; lastKnownFileType = sourcecode.swift; path = ObservingBottomButton.swift; sourceTree = "<group>"; };
		DC4C6C5C2476CC090014A34C /* CircularTabBar.swift */ = {isa = PBXFileReference; lastKnownFileType = sourcecode.swift; path = CircularTabBar.swift; sourceTree = "<group>"; };
		DC4C6C5E2476CC420014A34C /* TappableImage.swift */ = {isa = PBXFileReference; lastKnownFileType = sourcecode.swift; path = TappableImage.swift; sourceTree = "<group>"; };
		DC4C6C602476CD5B0014A34C /* ObservingButton.swift */ = {isa = PBXFileReference; lastKnownFileType = sourcecode.swift; path = ObservingButton.swift; sourceTree = "<group>"; };
		DC4C6C622476CDC40014A34C /* Hideable.swift */ = {isa = PBXFileReference; lastKnownFileType = sourcecode.swift; path = Hideable.swift; sourceTree = "<group>"; };
		DC4C6C642476CE620014A34C /* MainTitleView.swift */ = {isa = PBXFileReference; lastKnownFileType = sourcecode.swift; path = MainTitleView.swift; sourceTree = "<group>"; };
		DC4C6C662476CF120014A34C /* Presenter.swift */ = {isa = PBXFileReference; lastKnownFileType = sourcecode.swift; path = Presenter.swift; sourceTree = "<group>"; };
		DC4C6C682476CF640014A34C /* ChapterTitleView.swift */ = {isa = PBXFileReference; lastKnownFileType = sourcecode.swift; path = ChapterTitleView.swift; sourceTree = "<group>"; };
		DC4C6C6A2476D02B0014A34C /* TableOfContentsView.swift */ = {isa = PBXFileReference; lastKnownFileType = sourcecode.swift; path = TableOfContentsView.swift; sourceTree = "<group>"; };
		DC4C6C6C2476D0DA0014A34C /* SupplementaryCodeView.swift */ = {isa = PBXFileReference; lastKnownFileType = sourcecode.swift; path = SupplementaryCodeView.swift; sourceTree = "<group>"; };
		DC4C6C6E2476D14D0014A34C /* TutorialBodyView.swift */ = {isa = PBXFileReference; lastKnownFileType = sourcecode.swift; path = TutorialBodyView.swift; sourceTree = "<group>"; };
		DC4C6C752476D3B60014A34C /* BackButton.swift */ = {isa = PBXFileReference; lastKnownFileType = sourcecode.swift; path = BackButton.swift; sourceTree = "<group>"; };
		DC4C6C772476D3DA0014A34C /* DismissButton.swift */ = {isa = PBXFileReference; lastKnownFileType = sourcecode.swift; path = DismissButton.swift; sourceTree = "<group>"; };
		DC4C6C7A2476D4AE0014A34C /* DismissTranslating.swift */ = {isa = PBXFileReference; lastKnownFileType = sourcecode.swift; path = DismissTranslating.swift; sourceTree = "<group>"; };
		DC4C6C7F247984120014A34C /* ArrayExtensions.swift */ = {isa = PBXFileReference; lastKnownFileType = sourcecode.swift; path = ArrayExtensions.swift; sourceTree = "<group>"; };
		DC65655F246F07230048A848 /* HelloSolarSystem-Screen.swift */ = {isa = PBXFileReference; lastKnownFileType = sourcecode.swift; path = "HelloSolarSystem-Screen.swift"; sourceTree = "<group>"; };
		DC656561246F08C80048A848 /* HelloSolarSystem-Evaluator.swift */ = {isa = PBXFileReference; lastKnownFileType = sourcecode.swift; path = "HelloSolarSystem-Evaluator.swift"; sourceTree = "<group>"; };
		DC656563246F08D60048A848 /* HelloSolarSystem-Translator.swift */ = {isa = PBXFileReference; lastKnownFileType = sourcecode.swift; path = "HelloSolarSystem-Translator.swift"; sourceTree = "<group>"; };
		DC65656524705E7C0048A848 /* HelloSolarSystem-Store.swift */ = {isa = PBXFileReference; lastKnownFileType = sourcecode.swift; path = "HelloSolarSystem-Store.swift"; sourceTree = "<group>"; };
		DC65656724709D570048A848 /* EvaluatorAction.swift */ = {isa = PBXFileReference; lastKnownFileType = sourcecode.swift; path = EvaluatorAction.swift; sourceTree = "<group>"; };
		DC6565692470AA530048A848 /* EvaluatorStep.swift */ = {isa = PBXFileReference; lastKnownFileType = sourcecode.swift; path = EvaluatorStep.swift; sourceTree = "<group>"; };
		DC65656C2470F4FA0048A848 /* CharacterBezelTranslating.swift */ = {isa = PBXFileReference; lastKnownFileType = sourcecode.swift; path = CharacterBezelTranslating.swift; sourceTree = "<group>"; };
/* End PBXFileReference section */

/* Begin PBXFrameworksBuildPhase section */
		875562AD244C253200DB49C4 /* Frameworks */ = {
			isa = PBXFrameworksBuildPhase;
			buildActionMask = 2147483647;
			files = (
			);
			runOnlyForDeploymentPostprocessing = 0;
		};
		875562C3244C253500DB49C4 /* Frameworks */ = {
			isa = PBXFrameworksBuildPhase;
			buildActionMask = 2147483647;
			files = (
			);
			runOnlyForDeploymentPostprocessing = 0;
		};
/* End PBXFrameworksBuildPhase section */

/* Begin PBXGroup section */
		3B687618247DE13B005F2FBA /* Chapters */ = {
			isa = PBXGroup;
			children = (
				3B687619247DE165005F2FBA /* Chapter_Introduction.swift */,
				3B68761B247DE256005F2FBA /* Chapter_WhyPoet.swift */,
				3B68761D247DE310005F2FBA /* Chapter_TheBasics.swift */,
				3B68761F247DE3D5005F2FBA /* Chapter_InteractingWithAView.swift */,
				3B687621247DE488005F2FBA /* Chapter_UpdatingBusinessState.swift */,
				3B687623247DE497005F2FBA /* Chapter_UpdatingDisplayState.swift */,
				3B687627247DE4BB005F2FBA /* Chapter_PassableState.swift */,
				3B687625247DE4AD005F2FBA /* Chapter_AsynchronousWork.swift */,
				3B687631247E32A4005F2FBA /* Chapter_ProtocolOrientedTranslating.swift */,
				3B68762F247DE4EE005F2FBA /* Chapter_RetailDemo.swift */,
				3B68762D247DE4E0005F2FBA /* Chapter_ANoteOnCombine.swift */,
			);
			path = Chapters;
			sourceTree = "<group>";
		};
		3B7254902480175300E27551 /* Files as text */ = {
			isa = PBXGroup;
			children = (
				3B7254912480175E00E27551 /* HelloWorld-Screen.txt */,
				3B7254922480178D00E27551 /* HelloWorld-Evaluator.txt */,
				3B725495248017DE00E27551 /* HelloWorld-Translator.txt */,
			);
			path = "Files as text";
			sourceTree = "<group>";
		};
		3B72549824806FC300E27551 /* Login */ = {
			isa = PBXGroup;
			children = (
				3B72549A24806FDB00E27551 /* Login-Screen.swift */,
				3B72549924806FDB00E27551 /* Login-Evaluator.swift */,
				3B72549B24806FDB00E27551 /* Login-Translator.swift */,
				DC00E2312481FCB300A9F503 /* Login-Performer.swift */,
				DC00E23924822FA100A9F503 /* Login-Tests.swift */,
				DC00E23724822F7C00A9F503 /* Login-MockPerformer.swift */,
			);
			path = Login;
			sourceTree = "<group>";
		};
		3BF6692624781A0100AE055C /* Passables */ = {
			isa = PBXGroup;
			children = (
				3BF6692924781A2900AE055C /* Passable.swift */,
				3BF6692D24781A9F00AE055C /* PassableArray.swift */,
				3BF6693124781AD100AE055C /* PassableDouble.swift */,
				875562F4244D5FDB00DB49C4 /* PassableInt.swift */,
				3BF6692B24781A7100AE055C /* PassablePlease.swift */,
				3BF6692724781A0E00AE055C /* PassableStep.swift */,
				3BF6692F24781AB700AE055C /* PassableString.swift */,
				DC00E233248217A200A9F503 /* PassableBool.swift */,
				3B687635247ECDB9005F2FBA /* PassableAlert.swift */,
				3BF6693324781B3100AE055C /* PassableStep.txt */,
			);
			path = Passables;
			sourceTree = "<group>";
		};
		3BF669372478283300AE055C /* Observables */ = {
			isa = PBXGroup;
			children = (
				3BF6694624782B3700AE055C /* Observable.swift */,
				3BF669422478290D00AE055C /* ObservableArray.swift */,
				3BF6693A2478286800AE055C /* ObservableBool.swift */,
				3BF6693C247828B500AE055C /* ObservableDouble.swift */,
				3BF6693E247828CA00AE055C /* ObservableInt.swift */,
				3B687616247DCA31005F2FBA /* ObservableEvaluatorAction.swift */,
				3BF6694424782B1800AE055C /* ObservableNamedEvaluatorAction.swift */,
				DC00E22A2480CD0F00A9F503 /* ObservableNamedEnabledEvaluatorAction.swift */,
				875562EC244D144600DB49C4 /* ObservableString.swift */,
				3BF66940247828E900AE055C /* ObservableURL.swift */,
				DC00E22C2481D29500A9F503 /* ObservableValidation.swift */,
				DC00E22E2481D2AC00A9F503 /* Files as text */,
			);
			path = Observables;
			sourceTree = "<group>";
		};
		875562A7244C253200DB49C4 = {
			isa = PBXGroup;
			children = (
				875562B2244C253200DB49C4 /* Poet */,
				875562C9244C253500DB49C4 /* PoetTests */,
				875562B1244C253200DB49C4 /* Products */,
			);
			sourceTree = "<group>";
		};
		875562B1244C253200DB49C4 /* Products */ = {
			isa = PBXGroup;
			children = (
				875562B0244C253200DB49C4 /* Poet.app */,
				875562C6244C253500DB49C4 /* PoetTests.xctest */,
			);
			name = Products;
			sourceTree = "<group>";
		};
		875562B2244C253200DB49C4 /* Poet */ = {
			isa = PBXGroup;
			children = (
				875562B3244C253200DB49C4 /* AppDelegate.swift */,
				875562B5244C253200DB49C4 /* SceneDelegate.swift */,
				875562EA244D13F700DB49C4 /* Screens */,
				DC4C6C792476D4080014A34C /* Views */,
				DC4C6C592476C96F0014A34C /* Evaluating */,
				878B3A4D245378C400ACADE4 /* Translating */,
				875562EB244D142E00DB49C4 /* Utilities */,
				875562B9244C253500DB49C4 /* Assets.xcassets */,
				875562BE244C253500DB49C4 /* LaunchScreen.storyboard */,
				875562C1244C253500DB49C4 /* Info.plist */,
				875562BB244C253500DB49C4 /* Preview Content */,
			);
			path = Poet;
			sourceTree = "<group>";
		};
		875562BB244C253500DB49C4 /* Preview Content */ = {
			isa = PBXGroup;
			children = (
				875562BC244C253500DB49C4 /* Preview Assets.xcassets */,
			);
			path = "Preview Content";
			sourceTree = "<group>";
		};
		875562C9244C253500DB49C4 /* PoetTests */ = {
			isa = PBXGroup;
			children = (
				875562CA244C253500DB49C4 /* PoetTests.swift */,
				875562CC244C253500DB49C4 /* Info.plist */,
			);
			path = PoetTests;
			sourceTree = "<group>";
		};
		875562EA244D13F700DB49C4 /* Screens */ = {
			isa = PBXGroup;
			children = (
				87AC82752453B94C0090E443 /* Menu */,
				87D299D32455162A003959C3 /* About */,
				DC4C1111245DEDE5009BC14D /* Tutorial */,
				DC4C1112245DEDF8009BC14D /* Template */,
				DC31CC79247C37DC00002075 /* Hello World */,
				DC00E2472486AB6C00A9F503 /* Hello Data */,
				8794A5FE245CB88400D41E4F /* Dismiss Receiver */,
				DC65655E246F05660048A848 /* Hello Solar System */,
				87E7E43724595C6300047253 /* Retail Demo */,
				3B72549824806FC300E27551 /* Login */,
			);
			path = Screens;
			sourceTree = "<group>";
		};
		875562EB244D142E00DB49C4 /* Utilities */ = {
			isa = PBXGroup;
			children = (
				3B1E8D392462A9CD005D033C /* AfterWait.swift */,
				DC00E23C2482A6BD00A9F503 /* NetworkingError.swift */,
				DC00E23E2482A72600A9F503 /* Publisher+Networking.swift */,
				87AC827E2454CDE90090E443 /* Behavior.swift */,
				3BF6691B2477CFAA00AE055C /* Device.swift */,
				3BF6691D2477D1F700AE055C /* FontSystem.swift */,
				87AC827C2454C3EA0090E443 /* Numbers.swift */,
				DC00E228247D984900A9F503 /* TextFile.swift */,
				DC00E22F2481D2E100A9F503 /* TextValidation.swift */,
				3BF669372478283300AE055C /* Observables */,
				3BF6692624781A0100AE055C /* Passables */,
				DC4C6C7F247984120014A34C /* ArrayExtensions.swift */,
				DC04F6F024661C1400F49E00 /* ImageExtensions.swift */,
			);
			path = Utilities;
			sourceTree = "<group>";
		};
		878B3A4D245378C400ACADE4 /* Translating */ = {
			isa = PBXGroup;
			children = (
				878B3A4E245378CF00ACADE4 /* AlertTranslating.swift */,
				DC65656C2470F4FA0048A848 /* CharacterBezelTranslating.swift */,
				DC4C6C7A2476D4AE0014A34C /* DismissTranslating.swift */,
			);
			path = Translating;
			sourceTree = "<group>";
		};
		8794A5FE245CB88400D41E4F /* Dismiss Receiver */ = {
			isa = PBXGroup;
			children = (
				8794A601245CB8B200D41E4F /* DissmissReceiverExample-Screen.swift */,
				8794A603245CB98600D41E4F /* DismissReceiverExample-Translator.swift */,
				8794A605245CBA4D00D41E4F /* DismissReceiverExample-Evaluator.swift */,
			);
			path = "Dismiss Receiver";
			sourceTree = "<group>";
		};
		87AC82752453B94C0090E443 /* Menu */ = {
			isa = PBXGroup;
			children = (
				87AC82762453B9520090E443 /* Menu-Screen.swift */,
				87AC82782453B9520090E443 /* Menu-Evaluator.swift */,
				87AC82772453B9520090E443 /* Menu-Translator.swift */,
				8794A5FB245C9FF200D41E4F /* Menu-Data.swift */,
			);
			path = Menu;
			sourceTree = "<group>";
		};
		87D299D32455162A003959C3 /* About */ = {
			isa = PBXGroup;
			children = (
				87D299D524551639003959C3 /* About-Screen.swift */,
				87D299D424551639003959C3 /* About-Evaluator.swift */,
				87D299D624551639003959C3 /* About-Translator.swift */,
				87D299DE24561B9B003959C3 /* About-Data.swift */,
			);
			path = About;
			sourceTree = "<group>";
		};
		87E7E43724595C6300047253 /* Retail Demo */ = {
			isa = PBXGroup;
			children = (
				87E7E43824595CBD00047253 /* Retail-Screen.swift */,
				87E7E43C245961B400047253 /* Retail-Evaluator.swift */,
				87E7E43E2459637900047253 /* Retail-Translator.swift */,
				8794A5F9245C343400D41E4F /* Retail-PageViewMaker.swift */,
			);
			path = "Retail Demo";
			sourceTree = "<group>";
		};
		DC00E22E2481D2AC00A9F503 /* Files as text */ = {
			isa = PBXGroup;
			children = (
				3BF6694824782B7600AE055C /* ObservableString.txt */,
				DC00E2452484E0C300A9F503 /* ObservableEvaluatorAction.txt */,
			);
			path = "Files as text";
			sourceTree = "<group>";
		};
		DC00E2422483597A00A9F503 /* Files as text */ = {
			isa = PBXGroup;
			children = (
				3BF669242478032F00AE055C /* Template-Screen.txt */,
				3BF669202477FF5500AE055C /* Template-Evaluator.txt */,
				3BF66935247820E000AE055C /* Template-Translator.txt */,
			);
			path = "Files as text";
			sourceTree = "<group>";
		};
		DC00E2472486AB6C00A9F503 /* Hello Data */ = {
			isa = PBXGroup;
			children = (
				DC00E2482486AB7800A9F503 /* HelloData-Screen.swift */,
				DC00E2492486AB7800A9F503 /* HelloData-Evaluator.swift */,
				DC00E24A2486AB7A00A9F503 /* HelloData-Translator.swift */,
				DC00E24B2486AB7A00A9F503 /* HelloData-Performer.swift */,
			);
			path = "Hello Data";
			sourceTree = "<group>";
		};
		DC31CC73247B363C00002075 /* Files as text */ = {
			isa = PBXGroup;
			children = (
				3BF6694A2478316600AE055C /* ObservingTextView.txt */,
				DC31CC74247B367000002075 /* ObservingButton.txt */,
			);
			path = "Files as text";
			sourceTree = "<group>";
		};
		DC31CC76247B392500002075 /* Files as text */ = {
			isa = PBXGroup;
			children = (
				DC31CC77247B393600002075 /* ActionEvaluating.txt */,
				3B72548E247FF87300E27551 /* EvaluatorAction.txt */,
				DC00E24324839CC800A9F503 /* ViewCycleEvaluating.txt */,
			);
			path = "Files as text";
			sourceTree = "<group>";
		};
		DC31CC79247C37DC00002075 /* Hello World */ = {
			isa = PBXGroup;
			children = (
				DC31CC7A247C37F500002075 /* HelloWorld-Screen.swift */,
				DC31CC7C247C383E00002075 /* HelloWorld-Evaluator.swift */,
				DC31CC7E247C384000002075 /* HelloWorld-Translator.swift */,
				3B7254902480175300E27551 /* Files as text */,
			);
			path = "Hello World";
			sourceTree = "<group>";
		};
		DC4C1111245DEDE5009BC14D /* Tutorial */ = {
			isa = PBXGroup;
			children = (
				DC4C111D245DF9AA009BC14D /* Tutorial-Screen.swift */,
				DC4C111B245DF9AA009BC14D /* Tutorial-Evaluator.swift */,
				DC4C111C245DF9AA009BC14D /* Tutorial-Translator.swift */,
				87E9E9AA246748D600CF2E1E /* Tutorial-PageStore.swift */,
				3B687618247DE13B005F2FBA /* Chapters */,
			);
			path = Tutorial;
			sourceTree = "<group>";
		};
		DC4C1112245DEDF8009BC14D /* Template */ = {
			isa = PBXGroup;
			children = (
				DC4C1113245DEE21009BC14D /* Template-Screen.swift */,
				DC4C1115245DEF55009BC14D /* Template-Evaluator.swift */,
				DC4C1117245DEF9A009BC14D /* Template-Translator.swift */,
				DC00E2422483597A00A9F503 /* Files as text */,
			);
			path = Template;
			sourceTree = "<group>";
		};
		DC4C6C532476C7A70014A34C /* Screen-Specific Views */ = {
			isa = PBXGroup;
			children = (
				DC4C6C712476D2320014A34C /* HelloWorld */,
				DC4C6C732476D32B0014A34C /* Retail */,
				DC4C6C702476D21D0014A34C /* Tutorial */,
			);
			path = "Screen-Specific Views";
			sourceTree = "<group>";
		};
		DC4C6C542476C7EE0014A34C /* Wrapper Views */ = {
			isa = PBXGroup;
			children = (
				DC4C6C552476C8060014A34C /* Fadeable.swift */,
				DC4C6C622476CDC40014A34C /* Hideable.swift */,
				DC4C6C662476CF120014A34C /* Presenter.swift */,
				DC31CC6B2479C8EE00002075 /* PresenterWithString.swift */,
				DC31CC6D2479C90400002075 /* PresenterWithPassedValue.swift */,
				3B687633247ECCF0005F2FBA /* AlertPresenter.swift */,
				DC00E2352482188900A9F503 /* BusyPresenter.swift */,
			);
			path = "Wrapper Views";
			sourceTree = "<group>";
		};
		DC4C6C592476C96F0014A34C /* Evaluating */ = {
			isa = PBXGroup;
			children = (
				DC65656724709D570048A848 /* EvaluatorAction.swift */,
				DC6565692470AA530048A848 /* EvaluatorStep.swift */,
				3B7254A024808AE300E27551 /* EvaluatorElement.swift */,
				878B3A492453588000ACADE4 /* ViewCycleEvaluating.swift */,
				DC4C6C452471054E0014A34C /* ActionEvaluating.swift */,
				3B72548C247FF7EC00E27551 /* NamedEvaluatorAction.swift */,
				DC31CC76247B392500002075 /* Files as text */,
			);
			path = Evaluating;
			sourceTree = "<group>";
		};
		DC4C6C702476D21D0014A34C /* Tutorial */ = {
			isa = PBXGroup;
			children = (
				DC4C6C682476CF640014A34C /* ChapterTitleView.swift */,
				DC4C6C642476CE620014A34C /* MainTitleView.swift */,
				DC4C6C6C2476D0DA0014A34C /* SupplementaryCodeView.swift */,
				DC4C6C6A2476D02B0014A34C /* TableOfContentsView.swift */,
				DC31CC692479BDF500002075 /* FileMenuView.swift */,
				DC4C6C6E2476D14D0014A34C /* TutorialBodyView.swift */,
				DC31CC6F2479C9EC00002075 /* FileOfInterestButton.swift */,
				DC31CC712479CA2100002075 /* FileTrayButton.swift */,
			);
			path = Tutorial;
			sourceTree = "<group>";
		};
		DC4C6C712476D2320014A34C /* HelloWorld */ = {
			isa = PBXGroup;
			children = (
				DC4C6C5C2476CC090014A34C /* CircularTabBar.swift */,
				DC4C6C5E2476CC420014A34C /* TappableImage.swift */,
			);
			path = HelloWorld;
			sourceTree = "<group>";
		};
		DC4C6C722476D28A0014A34C /* Observing Views */ = {
			isa = PBXGroup;
			children = (
				DC4C1119245DF73B009BC14D /* ObservingImageView.swift */,
				DC4C6C602476CD5B0014A34C /* ObservingButton.swift */,
				DC4C6C5A2476CBA90014A34C /* ObservingBottomButton.swift */,
				87E7E43A24595FF100047253 /* ObservingPageView.swift */,
				878B3A4B24535B1E00ACADE4 /* ObservingTextView.swift */,
				3B7254A224808B0F00E27551 /* EvaluatingTextField.swift */,
				DC31CC73247B363C00002075 /* Files as text */,
			);
			path = "Observing Views";
			sourceTree = "<group>";
		};
		DC4C6C732476D32B0014A34C /* Retail */ = {
			isa = PBXGroup;
			children = (
				DC4C6C4B2476C5A40014A34C /* DisplayableProductsView.swift */,
				DC4C6C4D2476C5FC0014A34C /* FoundNotFoundButtonsView.swift */,
				DC4C6C472476C5660014A34C /* InstructionView.swift */,
				DC4C6C512476C6E00014A34C /* OptionsView.swift */,
				DC4C6C492476C59A0014A34C /* ProductView.swift */,
				DC4C6C4F2476C6A80014A34C /* SelectableCapsuleButton.swift */,
			);
			path = Retail;
			sourceTree = "<group>";
		};
		DC4C6C742476D3830014A34C /* Helper Views */ = {
			isa = PBXGroup;
			children = (
				878B3A50245378E300ACADE4 /* AlertView.swift */,
				DC4C6C752476D3B60014A34C /* BackButton.swift */,
				878B3A462453472300ACADE4 /* BezelView.swift */,
				DC4C6C772476D3DA0014A34C /* DismissButton.swift */,
				DC4C6C572476C8590014A34C /* DismissReceiver.swift */,
			);
			path = "Helper Views";
			sourceTree = "<group>";
		};
		DC4C6C792476D4080014A34C /* Views */ = {
			isa = PBXGroup;
			children = (
				DC4C6C532476C7A70014A34C /* Screen-Specific Views */,
				DC4C6C722476D28A0014A34C /* Observing Views */,
				DC4C6C542476C7EE0014A34C /* Wrapper Views */,
				DC4C6C742476D3830014A34C /* Helper Views */,
				DC4C6C7E2476DA1F0014A34C /* Common ViewMakers */,
			);
			path = Views;
			sourceTree = "<group>";
		};
		DC4C6C7E2476DA1F0014A34C /* Common ViewMakers */ = {
			isa = PBXGroup;
			children = (
				87D299E024561D4E003959C3 /* StaticPageViewMaker.swift */,
			);
			path = "Common ViewMakers";
			sourceTree = "<group>";
		};
		DC65655E246F05660048A848 /* Hello Solar System */ = {
			isa = PBXGroup;
			children = (
				DC65655F246F07230048A848 /* HelloSolarSystem-Screen.swift */,
				DC656561246F08C80048A848 /* HelloSolarSystem-Evaluator.swift */,
				DC656563246F08D60048A848 /* HelloSolarSystem-Translator.swift */,
				DC65656524705E7C0048A848 /* HelloSolarSystem-Store.swift */,
			);
			path = "Hello Solar System";
			sourceTree = "<group>";
		};
/* End PBXGroup section */

/* Begin PBXNativeTarget section */
		875562AF244C253200DB49C4 /* Poet */ = {
			isa = PBXNativeTarget;
			buildConfigurationList = 875562CF244C253500DB49C4 /* Build configuration list for PBXNativeTarget "Poet" */;
			buildPhases = (
				875562AC244C253200DB49C4 /* Sources */,
				875562AD244C253200DB49C4 /* Frameworks */,
				875562AE244C253200DB49C4 /* Resources */,
			);
			buildRules = (
			);
			dependencies = (
			);
			name = Poet;
			productName = Katong;
			productReference = 875562B0244C253200DB49C4 /* Poet.app */;
			productType = "com.apple.product-type.application";
		};
		875562C5244C253500DB49C4 /* PoetTests */ = {
			isa = PBXNativeTarget;
			buildConfigurationList = 875562D2244C253500DB49C4 /* Build configuration list for PBXNativeTarget "PoetTests" */;
			buildPhases = (
				875562C2244C253500DB49C4 /* Sources */,
				875562C3244C253500DB49C4 /* Frameworks */,
				875562C4244C253500DB49C4 /* Resources */,
			);
			buildRules = (
			);
			dependencies = (
				875562C8244C253500DB49C4 /* PBXTargetDependency */,
			);
			name = PoetTests;
			productName = KatongTests;
			productReference = 875562C6244C253500DB49C4 /* PoetTests.xctest */;
			productType = "com.apple.product-type.bundle.unit-test";
		};
/* End PBXNativeTarget section */

/* Begin PBXProject section */
		875562A8244C253200DB49C4 /* Project object */ = {
			isa = PBXProject;
			attributes = {
				LastSwiftUpdateCheck = 1100;
				LastUpgradeCheck = 1100;
				ORGANIZATIONNAME = "Steve Cotner";
				TargetAttributes = {
					875562AF244C253200DB49C4 = {
						CreatedOnToolsVersion = 11.0;
					};
					875562C5244C253500DB49C4 = {
						CreatedOnToolsVersion = 11.0;
						TestTargetID = 875562AF244C253200DB49C4;
					};
				};
			};
			buildConfigurationList = 875562AB244C253200DB49C4 /* Build configuration list for PBXProject "Poet" */;
			compatibilityVersion = "Xcode 9.3";
			developmentRegion = en;
			hasScannedForEncodings = 0;
			knownRegions = (
				en,
				Base,
			);
			mainGroup = 875562A7244C253200DB49C4;
			productRefGroup = 875562B1244C253200DB49C4 /* Products */;
			projectDirPath = "";
			projectRoot = "";
			targets = (
				875562AF244C253200DB49C4 /* Poet */,
				875562C5244C253500DB49C4 /* PoetTests */,
			);
		};
/* End PBXProject section */

/* Begin PBXResourcesBuildPhase section */
		875562AE244C253200DB49C4 /* Resources */ = {
			isa = PBXResourcesBuildPhase;
			buildActionMask = 2147483647;
			files = (
				DC00E24424839CC800A9F503 /* ViewCycleEvaluating.txt in Resources */,
				3BF669232478014400AE055C /* Template-Evaluator.txt in Resources */,
				3BF6693424781B3100AE055C /* PassableStep.txt in Resources */,
				DC00E2462484E0C300A9F503 /* ObservableEvaluatorAction.txt in Resources */,
				875562C0244C253500DB49C4 /* LaunchScreen.storyboard in Resources */,
				3BF6694B2478316600AE055C /* ObservingTextView.txt in Resources */,
				3B725494248017B200E27551 /* HelloWorld-Evaluator.txt in Resources */,
				3B72549724802C2100E27551 /* HelloWorld-Translator.txt in Resources */,
				3B72548F247FF87300E27551 /* EvaluatorAction.txt in Resources */,
				3B725493248017B200E27551 /* HelloWorld-Screen.txt in Resources */,
				DC31CC78247B393600002075 /* ActionEvaluating.txt in Resources */,
				3BF66936247820E000AE055C /* Template-Translator.txt in Resources */,
				875562BD244C253500DB49C4 /* Preview Assets.xcassets in Resources */,
				DC31CC75247B367000002075 /* ObservingButton.txt in Resources */,
				3BF669252478032F00AE055C /* Template-Screen.txt in Resources */,
				3BF6694924782B7600AE055C /* ObservableString.txt in Resources */,
				875562BA244C253500DB49C4 /* Assets.xcassets in Resources */,
			);
			runOnlyForDeploymentPostprocessing = 0;
		};
		875562C4244C253500DB49C4 /* Resources */ = {
			isa = PBXResourcesBuildPhase;
			buildActionMask = 2147483647;
			files = (
			);
			runOnlyForDeploymentPostprocessing = 0;
		};
/* End PBXResourcesBuildPhase section */

/* Begin PBXSourcesBuildPhase section */
		875562AC244C253200DB49C4 /* Sources */ = {
			isa = PBXSourcesBuildPhase;
			buildActionMask = 2147483647;
			files = (
				DC31CC6A2479BDF500002075 /* FileMenuView.swift in Sources */,
				DC00E23D2482A6BE00A9F503 /* NetworkingError.swift in Sources */,
				3B687620247DE3D5005F2FBA /* Chapter_InteractingWithAView.swift in Sources */,
				87D299D9245518C1003959C3 /* About-Screen.swift in Sources */,
				DC4C6C692476CF640014A34C /* ChapterTitleView.swift in Sources */,
				3B687632247E32A4005F2FBA /* Chapter_ProtocolOrientedTranslating.swift in Sources */,
				3B687630247DE4EE005F2FBA /* Chapter_RetailDemo.swift in Sources */,
				3BF6694524782B1800AE055C /* ObservableNamedEvaluatorAction.swift in Sources */,
				DC4C6C502476C6A80014A34C /* SelectableCapsuleButton.swift in Sources */,
				DC4C6C632476CDC40014A34C /* Hideable.swift in Sources */,
				3BF6692824781A0F00AE055C /* PassableStep.swift in Sources */,
				87E7E43924595CBD00047253 /* Retail-Screen.swift in Sources */,
				3BF6693F247828CA00AE055C /* ObservableInt.swift in Sources */,
				DC4C6C5F2476CC420014A34C /* TappableImage.swift in Sources */,
				DC04F6F124661C1400F49E00 /* ImageExtensions.swift in Sources */,
				875562ED244D144600DB49C4 /* ObservableString.swift in Sources */,
				3B68762E247DE4E0005F2FBA /* Chapter_ANoteOnCombine.swift in Sources */,
				3B687628247DE4BB005F2FBA /* Chapter_PassableState.swift in Sources */,
				3B72549E2480702100E27551 /* Login-Evaluator.swift in Sources */,
				DC00E2302481D2E100A9F503 /* TextValidation.swift in Sources */,
				87D299D8245518C1003959C3 /* About-Translator.swift in Sources */,
				3B72549F2480702100E27551 /* Login-Translator.swift in Sources */,
				8794A606245CBA4D00D41E4F /* DismissReceiverExample-Evaluator.swift in Sources */,
				DC65656A2470AA530048A848 /* EvaluatorStep.swift in Sources */,
				DC4C6C6D2476D0DA0014A34C /* SupplementaryCodeView.swift in Sources */,
				3B687626247DE4AD005F2FBA /* Chapter_AsynchronousWork.swift in Sources */,
				87E7E43F2459637900047253 /* Retail-Translator.swift in Sources */,
				87AC827A2453BB3C0090E443 /* Menu-Evaluator.swift in Sources */,
				DC4C1118245DEF9A009BC14D /* Template-Translator.swift in Sources */,
				DC4C6C5D2476CC090014A34C /* CircularTabBar.swift in Sources */,
				DC4C6C462471054E0014A34C /* ActionEvaluating.swift in Sources */,
				3B687622247DE488005F2FBA /* Chapter_UpdatingBusinessState.swift in Sources */,
				DC00E234248217A200A9F503 /* PassableBool.swift in Sources */,
				DC31CC6C2479C8EE00002075 /* PresenterWithString.swift in Sources */,
				3B687617247DCA31005F2FBA /* ObservableEvaluatorAction.swift in Sources */,
				875562F5244D5FDB00DB49C4 /* PassableInt.swift in Sources */,
				DC00E22D2481D29500A9F503 /* ObservableValidation.swift in Sources */,
				DC4C1116245DEF55009BC14D /* Template-Evaluator.swift in Sources */,
				3B1E8D3A2462A9CD005D033C /* AfterWait.swift in Sources */,
				DC656560246F07230048A848 /* HelloSolarSystem-Screen.swift in Sources */,
				3BF6691C2477CFAA00AE055C /* Device.swift in Sources */,
				DC4C6C782476D3DB0014A34C /* DismissButton.swift in Sources */,
				DC00E2362482188900A9F503 /* BusyPresenter.swift in Sources */,
				DC4C6C562476C8060014A34C /* Fadeable.swift in Sources */,
				3BF6693D247828B500AE055C /* ObservableDouble.swift in Sources */,
				DC00E2322481FCB300A9F503 /* Login-Performer.swift in Sources */,
				8794A5FA245C343400D41E4F /* Retail-PageViewMaker.swift in Sources */,
				3BF6694724782B3700AE055C /* Observable.swift in Sources */,
				3B687634247ECCF0005F2FBA /* AlertPresenter.swift in Sources */,
				DC00E22B2480CD0F00A9F503 /* ObservableNamedEnabledEvaluatorAction.swift in Sources */,
				DC65656D2470F4FB0048A848 /* CharacterBezelTranslating.swift in Sources */,
				875562B4244C253200DB49C4 /* AppDelegate.swift in Sources */,
				DC31CC702479C9EC00002075 /* FileOfInterestButton.swift in Sources */,
				DC4C111F245DFF21009BC14D /* Tutorial-Evaluator.swift in Sources */,
				3B7254A324808B0F00E27551 /* EvaluatingTextField.swift in Sources */,
				878B3A51245378E300ACADE4 /* AlertView.swift in Sources */,
				8794A602245CB8B200D41E4F /* DissmissReceiverExample-Screen.swift in Sources */,
				3B68761E247DE310005F2FBA /* Chapter_TheBasics.swift in Sources */,
				8794A5FC245C9FF200D41E4F /* Menu-Data.swift in Sources */,
				DC65656824709D570048A848 /* EvaluatorAction.swift in Sources */,
				875562B6244C253200DB49C4 /* SceneDelegate.swift in Sources */,
				3B68761A247DE165005F2FBA /* Chapter_Introduction.swift in Sources */,
				DC656562246F08C80048A848 /* HelloSolarSystem-Evaluator.swift in Sources */,
				DC4C111A245DF73B009BC14D /* ObservingImageView.swift in Sources */,
				3BF66941247828E900AE055C /* ObservableURL.swift in Sources */,
				3BF669432478290D00AE055C /* ObservableArray.swift in Sources */,
				87AC82792453BB3A0090E443 /* Menu-Screen.swift in Sources */,
				3B72549D2480702100E27551 /* Login-Screen.swift in Sources */,
				DC31CC7D247C383E00002075 /* HelloWorld-Evaluator.swift in Sources */,
				87AC827F2454CDE90090E443 /* Behavior.swift in Sources */,
				DC4C6C482476C5660014A34C /* InstructionView.swift in Sources */,
				87D299DF24561B9B003959C3 /* About-Data.swift in Sources */,
				DC4C6C4E2476C5FC0014A34C /* FoundNotFoundButtonsView.swift in Sources */,
				87E9E9AB246748D600CF2E1E /* Tutorial-PageStore.swift in Sources */,
				3BF6693024781AB700AE055C /* PassableString.swift in Sources */,
				DC4C1114245DEE21009BC14D /* Template-Screen.swift in Sources */,
				3BF6693B2478286800AE055C /* ObservableBool.swift in Sources */,
				87E7E43D245961B400047253 /* Retail-Evaluator.swift in Sources */,
				DC31CC722479CA2100002075 /* FileTrayButton.swift in Sources */,
				DC00E24D2486AF8600A9F503 /* HelloData-Evaluator.swift in Sources */,
				DC31CC6E2479C90400002075 /* PresenterWithPassedValue.swift in Sources */,
				DC4C6C582476C8590014A34C /* DismissReceiver.swift in Sources */,
				87D299E124561D4E003959C3 /* StaticPageViewMaker.swift in Sources */,
				DC4C6C6F2476D14D0014A34C /* TutorialBodyView.swift in Sources */,
				DC4C6C4C2476C5A40014A34C /* DisplayableProductsView.swift in Sources */,
				DC00E24F2486AF8600A9F503 /* HelloData-Performer.swift in Sources */,
				DC4C1120245DFF21009BC14D /* Tutorial-Translator.swift in Sources */,
				DC00E24E2486AF8600A9F503 /* HelloData-Translator.swift in Sources */,
				878B3A472453472300ACADE4 /* BezelView.swift in Sources */,
				878B3A4C24535B1E00ACADE4 /* ObservingTextView.swift in Sources */,
				3BF6693224781AD100AE055C /* PassableDouble.swift in Sources */,
				3B687636247ECDB9005F2FBA /* PassableAlert.swift in Sources */,
				3BF6692C24781A7100AE055C /* PassablePlease.swift in Sources */,
				8794A604245CB98600D41E4F /* DismissReceiverExample-Translator.swift in Sources */,
				DC4C6C652476CE620014A34C /* MainTitleView.swift in Sources */,
				3B72548D247FF7ED00E27551 /* NamedEvaluatorAction.swift in Sources */,
				DC4C6C7B2476D4AE0014A34C /* DismissTranslating.swift in Sources */,
				DC4C6C5B2476CBAA0014A34C /* ObservingBottomButton.swift in Sources */,
				DC4C6C522476C6E00014A34C /* OptionsView.swift in Sources */,
				3B68761C247DE256005F2FBA /* Chapter_WhyPoet.swift in Sources */,
				DC656564246F08D60048A848 /* HelloSolarSystem-Translator.swift in Sources */,
				DC31CC7B247C381400002075 /* HelloWorld-Screen.swift in Sources */,
				87D299D7245518C1003959C3 /* About-Evaluator.swift in Sources */,
				878B3A4F245378CF00ACADE4 /* AlertTranslating.swift in Sources */,
				3BF6692E24781A9F00AE055C /* PassableArray.swift in Sources */,
				DC4C6C762476D3B60014A34C /* BackButton.swift in Sources */,
				3BF6692A24781A2900AE055C /* Passable.swift in Sources */,
				87AC827B2453BB400090E443 /* Menu-Translator.swift in Sources */,
				DC4C6C672476CF120014A34C /* Presenter.swift in Sources */,
				87AC827D2454C3EA0090E443 /* Numbers.swift in Sources */,
				DC65656624705E7C0048A848 /* HelloSolarSystem-Store.swift in Sources */,
				DC00E23F2482A72600A9F503 /* Publisher+Networking.swift in Sources */,
				3BF6691E2477D1F700AE055C /* FontSystem.swift in Sources */,
				DC4C6C6B2476D02B0014A34C /* TableOfContentsView.swift in Sources */,
				87E7E43B24595FF100047253 /* ObservingPageView.swift in Sources */,
				DC4C6C80247984120014A34C /* ArrayExtensions.swift in Sources */,
				DC00E229247D984900A9F503 /* TextFile.swift in Sources */,
				DC4C6C4A2476C59A0014A34C /* ProductView.swift in Sources */,
				DC4C6C612476CD5B0014A34C /* ObservingButton.swift in Sources */,
				DC00E24C2486AF8100A9F503 /* HelloData-Screen.swift in Sources */,
				3B7254A124808AE300E27551 /* EvaluatorElement.swift in Sources */,
				DC4C111E245DFF21009BC14D /* Tutorial-Screen.swift in Sources */,
				878B3A4A2453588000ACADE4 /* ViewCycleEvaluating.swift in Sources */,
				DC31CC7F247C384000002075 /* HelloWorld-Translator.swift in Sources */,
				3B687624247DE497005F2FBA /* Chapter_UpdatingDisplayState.swift in Sources */,
			);
			runOnlyForDeploymentPostprocessing = 0;
		};
		875562C2244C253500DB49C4 /* Sources */ = {
			isa = PBXSourcesBuildPhase;
			buildActionMask = 2147483647;
			files = (
				DC00E23A24822FA100A9F503 /* Login-Tests.swift in Sources */,
				875562CB244C253500DB49C4 /* PoetTests.swift in Sources */,
				DC00E23B24822FAC00A9F503 /* Login-MockPerformer.swift in Sources */,
			);
			runOnlyForDeploymentPostprocessing = 0;
		};
/* End PBXSourcesBuildPhase section */

/* Begin PBXTargetDependency section */
		875562C8244C253500DB49C4 /* PBXTargetDependency */ = {
			isa = PBXTargetDependency;
			target = 875562AF244C253200DB49C4 /* Poet */;
			targetProxy = 875562C7244C253500DB49C4 /* PBXContainerItemProxy */;
		};
/* End PBXTargetDependency section */

/* Begin PBXVariantGroup section */
		875562BE244C253500DB49C4 /* LaunchScreen.storyboard */ = {
			isa = PBXVariantGroup;
			children = (
				875562BF244C253500DB49C4 /* Base */,
			);
			name = LaunchScreen.storyboard;
			sourceTree = "<group>";
		};
/* End PBXVariantGroup section */

/* Begin XCBuildConfiguration section */
		875562CD244C253500DB49C4 /* Debug */ = {
			isa = XCBuildConfiguration;
			buildSettings = {
				ALWAYS_SEARCH_USER_PATHS = NO;
				CLANG_ANALYZER_NONNULL = YES;
				CLANG_ANALYZER_NUMBER_OBJECT_CONVERSION = YES_AGGRESSIVE;
				CLANG_CXX_LANGUAGE_STANDARD = "gnu++14";
				CLANG_CXX_LIBRARY = "libc++";
				CLANG_ENABLE_MODULES = YES;
				CLANG_ENABLE_OBJC_ARC = YES;
				CLANG_ENABLE_OBJC_WEAK = YES;
				CLANG_WARN_BLOCK_CAPTURE_AUTORELEASING = YES;
				CLANG_WARN_BOOL_CONVERSION = YES;
				CLANG_WARN_COMMA = YES;
				CLANG_WARN_CONSTANT_CONVERSION = YES;
				CLANG_WARN_DEPRECATED_OBJC_IMPLEMENTATIONS = YES;
				CLANG_WARN_DIRECT_OBJC_ISA_USAGE = YES_ERROR;
				CLANG_WARN_DOCUMENTATION_COMMENTS = YES;
				CLANG_WARN_EMPTY_BODY = YES;
				CLANG_WARN_ENUM_CONVERSION = YES;
				CLANG_WARN_INFINITE_RECURSION = YES;
				CLANG_WARN_INT_CONVERSION = YES;
				CLANG_WARN_NON_LITERAL_NULL_CONVERSION = YES;
				CLANG_WARN_OBJC_IMPLICIT_RETAIN_SELF = YES;
				CLANG_WARN_OBJC_LITERAL_CONVERSION = YES;
				CLANG_WARN_OBJC_ROOT_CLASS = YES_ERROR;
				CLANG_WARN_RANGE_LOOP_ANALYSIS = YES;
				CLANG_WARN_STRICT_PROTOTYPES = YES;
				CLANG_WARN_SUSPICIOUS_MOVE = YES;
				CLANG_WARN_UNGUARDED_AVAILABILITY = YES_AGGRESSIVE;
				CLANG_WARN_UNREACHABLE_CODE = YES;
				CLANG_WARN__DUPLICATE_METHOD_MATCH = YES;
				COPY_PHASE_STRIP = NO;
				DEBUG_INFORMATION_FORMAT = dwarf;
				ENABLE_STRICT_OBJC_MSGSEND = YES;
				ENABLE_TESTABILITY = YES;
				GCC_C_LANGUAGE_STANDARD = gnu11;
				GCC_DYNAMIC_NO_PIC = NO;
				GCC_NO_COMMON_BLOCKS = YES;
				GCC_OPTIMIZATION_LEVEL = 0;
				GCC_PREPROCESSOR_DEFINITIONS = (
					"DEBUG=1",
					"$(inherited)",
				);
				GCC_WARN_64_TO_32_BIT_CONVERSION = YES;
				GCC_WARN_ABOUT_RETURN_TYPE = YES_ERROR;
				GCC_WARN_UNDECLARED_SELECTOR = YES;
				GCC_WARN_UNINITIALIZED_AUTOS = YES_AGGRESSIVE;
				GCC_WARN_UNUSED_FUNCTION = YES;
				GCC_WARN_UNUSED_VARIABLE = YES;
				IPHONEOS_DEPLOYMENT_TARGET = 13.0;
				MTL_ENABLE_DEBUG_INFO = INCLUDE_SOURCE;
				MTL_FAST_MATH = YES;
				ONLY_ACTIVE_ARCH = YES;
				SDKROOT = iphoneos;
				SWIFT_ACTIVE_COMPILATION_CONDITIONS = DEBUG;
				SWIFT_OPTIMIZATION_LEVEL = "-Onone";
			};
			name = Debug;
		};
		875562CE244C253500DB49C4 /* Release */ = {
			isa = XCBuildConfiguration;
			buildSettings = {
				ALWAYS_SEARCH_USER_PATHS = NO;
				CLANG_ANALYZER_NONNULL = YES;
				CLANG_ANALYZER_NUMBER_OBJECT_CONVERSION = YES_AGGRESSIVE;
				CLANG_CXX_LANGUAGE_STANDARD = "gnu++14";
				CLANG_CXX_LIBRARY = "libc++";
				CLANG_ENABLE_MODULES = YES;
				CLANG_ENABLE_OBJC_ARC = YES;
				CLANG_ENABLE_OBJC_WEAK = YES;
				CLANG_WARN_BLOCK_CAPTURE_AUTORELEASING = YES;
				CLANG_WARN_BOOL_CONVERSION = YES;
				CLANG_WARN_COMMA = YES;
				CLANG_WARN_CONSTANT_CONVERSION = YES;
				CLANG_WARN_DEPRECATED_OBJC_IMPLEMENTATIONS = YES;
				CLANG_WARN_DIRECT_OBJC_ISA_USAGE = YES_ERROR;
				CLANG_WARN_DOCUMENTATION_COMMENTS = YES;
				CLANG_WARN_EMPTY_BODY = YES;
				CLANG_WARN_ENUM_CONVERSION = YES;
				CLANG_WARN_INFINITE_RECURSION = YES;
				CLANG_WARN_INT_CONVERSION = YES;
				CLANG_WARN_NON_LITERAL_NULL_CONVERSION = YES;
				CLANG_WARN_OBJC_IMPLICIT_RETAIN_SELF = YES;
				CLANG_WARN_OBJC_LITERAL_CONVERSION = YES;
				CLANG_WARN_OBJC_ROOT_CLASS = YES_ERROR;
				CLANG_WARN_RANGE_LOOP_ANALYSIS = YES;
				CLANG_WARN_STRICT_PROTOTYPES = YES;
				CLANG_WARN_SUSPICIOUS_MOVE = YES;
				CLANG_WARN_UNGUARDED_AVAILABILITY = YES_AGGRESSIVE;
				CLANG_WARN_UNREACHABLE_CODE = YES;
				CLANG_WARN__DUPLICATE_METHOD_MATCH = YES;
				COPY_PHASE_STRIP = NO;
				DEBUG_INFORMATION_FORMAT = "dwarf-with-dsym";
				ENABLE_NS_ASSERTIONS = NO;
				ENABLE_STRICT_OBJC_MSGSEND = YES;
				GCC_C_LANGUAGE_STANDARD = gnu11;
				GCC_NO_COMMON_BLOCKS = YES;
				GCC_WARN_64_TO_32_BIT_CONVERSION = YES;
				GCC_WARN_ABOUT_RETURN_TYPE = YES_ERROR;
				GCC_WARN_UNDECLARED_SELECTOR = YES;
				GCC_WARN_UNINITIALIZED_AUTOS = YES_AGGRESSIVE;
				GCC_WARN_UNUSED_FUNCTION = YES;
				GCC_WARN_UNUSED_VARIABLE = YES;
				IPHONEOS_DEPLOYMENT_TARGET = 13.0;
				MTL_ENABLE_DEBUG_INFO = NO;
				MTL_FAST_MATH = YES;
				SDKROOT = iphoneos;
				SWIFT_COMPILATION_MODE = wholemodule;
				SWIFT_OPTIMIZATION_LEVEL = "-O";
				VALIDATE_PRODUCT = YES;
			};
			name = Release;
		};
		875562D0244C253500DB49C4 /* Debug */ = {
			isa = XCBuildConfiguration;
			buildSettings = {
				ASSETCATALOG_COMPILER_APPICON_NAME = AppIcon;
				CODE_SIGN_STYLE = Automatic;
				DEVELOPMENT_ASSET_PATHS = "\"Poet/Preview Content\"";
				DEVELOPMENT_TEAM = XBV79M6D9G;
				ENABLE_PREVIEWS = YES;
				INFOPLIST_FILE = Poet/Info.plist;
				LD_RUNPATH_SEARCH_PATHS = (
					"$(inherited)",
					"@executable_path/Frameworks",
				);
				PRODUCT_BUNDLE_IDENTIFIER = com.cotner.steve.newbundle.Poet;
				PRODUCT_NAME = Poet;
				SWIFT_VERSION = 5.0;
				TARGETED_DEVICE_FAMILY = "1,2";
			};
			name = Debug;
		};
		875562D1244C253500DB49C4 /* Release */ = {
			isa = XCBuildConfiguration;
			buildSettings = {
				ASSETCATALOG_COMPILER_APPICON_NAME = AppIcon;
				CODE_SIGN_STYLE = Automatic;
				DEVELOPMENT_ASSET_PATHS = "\"Poet/Preview Content\"";
				DEVELOPMENT_TEAM = XBV79M6D9G;
				ENABLE_PREVIEWS = YES;
				INFOPLIST_FILE = Poet/Info.plist;
				LD_RUNPATH_SEARCH_PATHS = (
					"$(inherited)",
					"@executable_path/Frameworks",
				);
				PRODUCT_BUNDLE_IDENTIFIER = com.cotner.steve.newbundle.Poet;
				PRODUCT_NAME = Poet;
				SWIFT_VERSION = 5.0;
				TARGETED_DEVICE_FAMILY = "1,2";
			};
			name = Release;
		};
		875562D3244C253500DB49C4 /* Debug */ = {
			isa = XCBuildConfiguration;
			buildSettings = {
				ALWAYS_EMBED_SWIFT_STANDARD_LIBRARIES = YES;
				BUNDLE_LOADER = "$(TEST_HOST)";
				CODE_SIGN_STYLE = Automatic;
				DEVELOPMENT_TEAM = XBV79M6D9G;
				INFOPLIST_FILE = PoetTests/Info.plist;
				IPHONEOS_DEPLOYMENT_TARGET = 13.0;
				LD_RUNPATH_SEARCH_PATHS = (
					"$(inherited)",
					"@executable_path/Frameworks",
					"@loader_path/Frameworks",
				);
				PRODUCT_BUNDLE_IDENTIFIER = com.cotner.steve.PoetTests;
				PRODUCT_NAME = "$(TARGET_NAME)";
				SWIFT_VERSION = 5.0;
				TARGETED_DEVICE_FAMILY = "1,2";
				TEST_HOST = "$(BUILT_PRODUCTS_DIR)/Poet.app/Poet";
			};
			name = Debug;
		};
		875562D4244C253500DB49C4 /* Release */ = {
			isa = XCBuildConfiguration;
			buildSettings = {
				ALWAYS_EMBED_SWIFT_STANDARD_LIBRARIES = YES;
				BUNDLE_LOADER = "$(TEST_HOST)";
				CODE_SIGN_STYLE = Automatic;
				DEVELOPMENT_TEAM = XBV79M6D9G;
				INFOPLIST_FILE = PoetTests/Info.plist;
				IPHONEOS_DEPLOYMENT_TARGET = 13.0;
				LD_RUNPATH_SEARCH_PATHS = (
					"$(inherited)",
					"@executable_path/Frameworks",
					"@loader_path/Frameworks",
				);
				PRODUCT_BUNDLE_IDENTIFIER = com.cotner.steve.PoetTests;
				PRODUCT_NAME = "$(TARGET_NAME)";
				SWIFT_VERSION = 5.0;
				TARGETED_DEVICE_FAMILY = "1,2";
				TEST_HOST = "$(BUILT_PRODUCTS_DIR)/Poet.app/Poet";
			};
			name = Release;
		};
/* End XCBuildConfiguration section */

/* Begin XCConfigurationList section */
		875562AB244C253200DB49C4 /* Build configuration list for PBXProject "Poet" */ = {
			isa = XCConfigurationList;
			buildConfigurations = (
				875562CD244C253500DB49C4 /* Debug */,
				875562CE244C253500DB49C4 /* Release */,
			);
			defaultConfigurationIsVisible = 0;
			defaultConfigurationName = Release;
		};
		875562CF244C253500DB49C4 /* Build configuration list for PBXNativeTarget "Poet" */ = {
			isa = XCConfigurationList;
			buildConfigurations = (
				875562D0244C253500DB49C4 /* Debug */,
				875562D1244C253500DB49C4 /* Release */,
			);
			defaultConfigurationIsVisible = 0;
			defaultConfigurationName = Release;
		};
		875562D2244C253500DB49C4 /* Build configuration list for PBXNativeTarget "PoetTests" */ = {
			isa = XCConfigurationList;
			buildConfigurations = (
				875562D3244C253500DB49C4 /* Debug */,
				875562D4244C253500DB49C4 /* Release */,
			);
			defaultConfigurationIsVisible = 0;
			defaultConfigurationName = Release;
		};
/* End XCConfigurationList section */
	};
	rootObject = 875562A8244C253200DB49C4 /* Project object */;
}
